// !$*UTF8*$!
{
	archiveVersion = 1;
	classes = {
	};
	objectVersion = 51;
	objects = {

/* Begin PBXBuildFile section */
		1023EB5922DDF2A60067E402 /* DefaultSettings.swift in Sources */ = {isa = PBXBuildFile; fileRef = 1023EB5822DDF2A60067E402 /* DefaultSettings.swift */; };
		1023EB5F22DDFADD0067E402 /* Dictionary+Exts.swift in Sources */ = {isa = PBXBuildFile; fileRef = 1023EB5E22DDFADD0067E402 /* Dictionary+Exts.swift */; };
		1023EB6122DDFB140067E402 /* DocumentController.swift in Sources */ = {isa = PBXBuildFile; fileRef = 1023EB6022DDFB140067E402 /* DocumentController.swift */; };
		1023EB6722DE00120067E402 /* WorkspaceManager.swift in Sources */ = {isa = PBXBuildFile; fileRef = 1023EB6622DE00120067E402 /* WorkspaceManager.swift */; };
		1023EB6922DE07D10067E402 /* DocumentType.swift in Sources */ = {isa = PBXBuildFile; fileRef = 1023EB6822DE07D10067E402 /* DocumentType.swift */; };
		1023EB7822E2BFD10067E402 /* UserInterfaction+NSView.swift in Sources */ = {isa = PBXBuildFile; fileRef = 1023EB7722E2BFD10067E402 /* UserInterfaction+NSView.swift */; };
		1023EB7A22E2D2410067E402 /* CommandLine.swift in Sources */ = {isa = PBXBuildFile; fileRef = 1023EB7922E2D2410067E402 /* CommandLine.swift */; };
		1035223122F1DA9400C38178 /* PodSearchCoordinator.swift in Sources */ = {isa = PBXBuildFile; fileRef = 1035223022F1DA9400C38178 /* PodSearchCoordinator.swift */; };
		1035223322F1DB1D00C38178 /* PodAnalyzerCoordinator.swift in Sources */ = {isa = PBXBuildFile; fileRef = 1035223222F1DB1D00C38178 /* PodAnalyzerCoordinator.swift */; };
		1035223522F1DB6000C38178 /* PodPluginCoordinator.swift in Sources */ = {isa = PBXBuildFile; fileRef = 1035223422F1DB6000C38178 /* PodPluginCoordinator.swift */; };
		1035223722F1DC1F00C38178 /* PodRepoCoordinator.swift in Sources */ = {isa = PBXBuildFile; fileRef = 1035223622F1DC1F00C38178 /* PodRepoCoordinator.swift */; };
		1035223922F5558200C38178 /* PodActionCoordinator.swift in Sources */ = {isa = PBXBuildFile; fileRef = 1035223822F5558200C38178 /* PodActionCoordinator.swift */; };
		1035223B22F555A100C38178 /* XcodeActionCoordinator.swift in Sources */ = {isa = PBXBuildFile; fileRef = 1035223A22F555A100C38178 /* XcodeActionCoordinator.swift */; };
		1035223E22F55B0500C38178 /* AppDelegate.swift in Sources */ = {isa = PBXBuildFile; fileRef = 1035223D22F55B0500C38178 /* AppDelegate.swift */; };
		1035224022F55B1B00C38178 /* AppDelegate+Basic.swift in Sources */ = {isa = PBXBuildFile; fileRef = 1035223F22F55B1B00C38178 /* AppDelegate+Basic.swift */; };
		1035224222F55B3300C38178 /* Appdelegate+Notification.swift in Sources */ = {isa = PBXBuildFile; fileRef = 1035224122F55B3300C38178 /* Appdelegate+Notification.swift */; };
		1035224422F55B9B00C38178 /* AppDelegate+Menu.swift in Sources */ = {isa = PBXBuildFile; fileRef = 1035224322F55B9B00C38178 /* AppDelegate+Menu.swift */; };
		1035224622F55BB900C38178 /* AppDelegate+Document.swift in Sources */ = {isa = PBXBuildFile; fileRef = 1035224522F55BB900C38178 /* AppDelegate+Document.swift */; };
		1035224822F566FD00C38178 /* Welcome.storyboard in Resources */ = {isa = PBXBuildFile; fileRef = 1035224722F566FD00C38178 /* Welcome.storyboard */; };
		1036287922DB126200D7FA2D /* Carthage.swift in Sources */ = {isa = PBXBuildFile; fileRef = 1036287822DB126200D7FA2D /* Carthage.swift */; };
		1036287B22DB13AC00D7FA2D /* Open.swift in Sources */ = {isa = PBXBuildFile; fileRef = 1036287A22DB13AC00D7FA2D /* Open.swift */; };
		103B49182389486100502B9E /* PreferencesViewController.swift in Sources */ = {isa = PBXBuildFile; fileRef = 103B48D72389486000502B9E /* PreferencesViewController.swift */; };
		103B49192389486100502B9E /* PreferencesWindowController.swift in Sources */ = {isa = PBXBuildFile; fileRef = 103B48D82389486000502B9E /* PreferencesWindowController.swift */; };
		103B491A2389486100502B9E /* WelcomeWindowController.swift in Sources */ = {isa = PBXBuildFile; fileRef = 103B48DA2389486000502B9E /* WelcomeWindowController.swift */; };
		103B491B2389486100502B9E /* WelcomeWorkspaceModel.swift in Sources */ = {isa = PBXBuildFile; fileRef = 103B48DB2389486000502B9E /* WelcomeWorkspaceModel.swift */; };
		103B491C2389486100502B9E /* WelcomeViewController.swift in Sources */ = {isa = PBXBuildFile; fileRef = 103B48DC2389486000502B9E /* WelcomeViewController.swift */; };
		103B491D2389486100502B9E /* WelcomeViewActionView.swift in Sources */ = {isa = PBXBuildFile; fileRef = 103B48DE2389486000502B9E /* WelcomeViewActionView.swift */; };
		103B491E2389486100502B9E /* WelcomeTableViewCell.swift in Sources */ = {isa = PBXBuildFile; fileRef = 103B48DF2389486000502B9E /* WelcomeTableViewCell.swift */; };
		103B491F2389486100502B9E /* DocumentationViewController.swift in Sources */ = {isa = PBXBuildFile; fileRef = 103B48E22389486000502B9E /* DocumentationViewController.swift */; };
		103B49202389486100502B9E /* MainWindowController.swift in Sources */ = {isa = PBXBuildFile; fileRef = 103B48E32389486000502B9E /* MainWindowController.swift */; };
		103B49212389486100502B9E /* ConfigViewController.swift in Sources */ = {isa = PBXBuildFile; fileRef = 103B48E52389486000502B9E /* ConfigViewController.swift */; };
		103B49222389486100502B9E /* CIManagerViewCell.swift in Sources */ = {isa = PBXBuildFile; fileRef = 103B48E82389486000502B9E /* CIManagerViewCell.swift */; };
		103B49232389486100502B9E /* CIManagerViewController.swift in Sources */ = {isa = PBXBuildFile; fileRef = 103B48E92389486000502B9E /* CIManagerViewController.swift */; };
		103B49242389486100502B9E /* CIStatusViewController.swift in Sources */ = {isa = PBXBuildFile; fileRef = 103B48EA2389486000502B9E /* CIStatusViewController.swift */; };
		103B49252389486100502B9E /* MainViewController.swift in Sources */ = {isa = PBXBuildFile; fileRef = 103B48EB2389486000502B9E /* MainViewController.swift */; };
		103B49262389486100502B9E /* PodContactViewController.swift in Sources */ = {isa = PBXBuildFile; fileRef = 103B48ED2389486000502B9E /* PodContactViewController.swift */; };
		103B49272389486100502B9E /* VersionEditViewController.swift in Sources */ = {isa = PBXBuildFile; fileRef = 103B48EE2389486000502B9E /* VersionEditViewController.swift */; };
		103B49282389486100502B9E /* PodMessageViewController.swift in Sources */ = {isa = PBXBuildFile; fileRef = 103B48EF2389486000502B9E /* PodMessageViewController.swift */; };
		103B49292389486100502B9E /* ComponentModel.swift in Sources */ = {isa = PBXBuildFile; fileRef = 103B48F12389486000502B9E /* ComponentModel.swift */; };
		103B492A2389486100502B9E /* ManagerViewController.swift in Sources */ = {isa = PBXBuildFile; fileRef = 103B48F22389486000502B9E /* ManagerViewController.swift */; };
		103B492B2389486100502B9E /* VersionEditWindowController.swift in Sources */ = {isa = PBXBuildFile; fileRef = 103B48F32389486000502B9E /* VersionEditWindowController.swift */; };
		103B492D2389486100502B9E /* TerminalPopUpButton.swift in Sources */ = {isa = PBXBuildFile; fileRef = 103B48F62389486000502B9E /* TerminalPopUpButton.swift */; };
		103B492E2389486100502B9E /* NameTableViewCell.swift in Sources */ = {isa = PBXBuildFile; fileRef = 103B48F72389486000502B9E /* NameTableViewCell.swift */; };
		103B492F2389486100502B9E /* MainContentTopMenuView.swift in Sources */ = {isa = PBXBuildFile; fileRef = 103B48F82389486000502B9E /* MainContentTopMenuView.swift */; };
		103B49302389486100502B9E /* MenuTableViewCell.swift in Sources */ = {isa = PBXBuildFile; fileRef = 103B48F92389486000502B9E /* MenuTableViewCell.swift */; };
		103B49312389486100502B9E /* TerminalView.swift in Sources */ = {isa = PBXBuildFile; fileRef = 103B48FA2389486000502B9E /* TerminalView.swift */; };
		103B49322389486100502B9E /* TerminalButtomToolView.swift in Sources */ = {isa = PBXBuildFile; fileRef = 103B48FB2389486000502B9E /* TerminalButtomToolView.swift */; };
		103B49332389486100502B9E /* ButtonTableViewCell.swift in Sources */ = {isa = PBXBuildFile; fileRef = 103B48FC2389486000502B9E /* ButtonTableViewCell.swift */; };
		103B49342389486100502B9E /* TerminalViewConstroller.swift in Sources */ = {isa = PBXBuildFile; fileRef = 103B48FD2389486000502B9E /* TerminalViewConstroller.swift */; };
		103B49352389486100502B9E /* AdministratorViewController.swift in Sources */ = {isa = PBXBuildFile; fileRef = 103B48FF2389486000502B9E /* AdministratorViewController.swift */; };
		103B49362389486100502B9E /* AdministratorMenuView.swift in Sources */ = {isa = PBXBuildFile; fileRef = 103B49012389486000502B9E /* AdministratorMenuView.swift */; };
		103B49372389486100502B9E /* AdministratorMenuCell.swift in Sources */ = {isa = PBXBuildFile; fileRef = 103B49022389486000502B9E /* AdministratorMenuCell.swift */; };
		103B49382389486100502B9E /* ContentContainterView.swift in Sources */ = {isa = PBXBuildFile; fileRef = 103B49032389486000502B9E /* ContentContainterView.swift */; };
		103B49392389486100502B9E /* AdminUserManagerController.swift in Sources */ = {isa = PBXBuildFile; fileRef = 103B49052389486000502B9E /* AdminUserManagerController.swift */; };
		103B493A2389486100502B9E /* AdminSpecManagerController.swift in Sources */ = {isa = PBXBuildFile; fileRef = 103B49062389486000502B9E /* AdminSpecManagerController.swift */; };
		103B493B2389486100502B9E /* AdminTeamManagerController.swift in Sources */ = {isa = PBXBuildFile; fileRef = 103B49072389486000502B9E /* AdminTeamManagerController.swift */; };
		103B493C2389486100502B9E /* MenuViewController.swift in Sources */ = {isa = PBXBuildFile; fileRef = 103B49082389486000502B9E /* MenuViewController.swift */; };
		103B493D2389486100502B9E /* BuriedPoint3DShowViewController.swift in Sources */ = {isa = PBXBuildFile; fileRef = 103B490A2389486000502B9E /* BuriedPoint3DShowViewController.swift */; };
		103B493E2389486100502B9E /* BuriedPointShowViewController.swift in Sources */ = {isa = PBXBuildFile; fileRef = 103B490B2389486000502B9E /* BuriedPointShowViewController.swift */; };
		103B493F2389486100502B9E /* BuriedTreeViewController.swift in Sources */ = {isa = PBXBuildFile; fileRef = 103B490C2389486000502B9E /* BuriedTreeViewController.swift */; };
		103B49402389486100502B9E /* BuriedPointEditViewController.swift in Sources */ = {isa = PBXBuildFile; fileRef = 103B490D2389486000502B9E /* BuriedPointEditViewController.swift */; };
		103B49412389486100502B9E /* BuriedPointViewController.swift in Sources */ = {isa = PBXBuildFile; fileRef = 103B490E2389486000502B9E /* BuriedPointViewController.swift */; };
		103B49422389486100502B9E /* BuildingViewController.swift in Sources */ = {isa = PBXBuildFile; fileRef = 103B49102389486000502B9E /* BuildingViewController.swift */; };
		103B49432389486100502B9E /* BuildingManagerCell.swift in Sources */ = {isa = PBXBuildFile; fileRef = 103B49122389486000502B9E /* BuildingManagerCell.swift */; };
		103B49442389486100502B9E /* BuildingTerminalManagerController.swift in Sources */ = {isa = PBXBuildFile; fileRef = 103B49132389486000502B9E /* BuildingTerminalManagerController.swift */; };
		103B49452389486100502B9E /* LoginWindowController.swift in Sources */ = {isa = PBXBuildFile; fileRef = 103B49152389486000502B9E /* LoginWindowController.swift */; };
		103B49462389486100502B9E /* LoginViewController.swift in Sources */ = {isa = PBXBuildFile; fileRef = 103B49162389486000502B9E /* LoginViewController.swift */; };
		103B49472389486100502B9E /* IconImageView.swift in Sources */ = {isa = PBXBuildFile; fileRef = 103B49172389486000502B9E /* IconImageView.swift */; };
		103B494F2389489600502B9E /* KeyWindow.swift in Sources */ = {isa = PBXBuildFile; fileRef = 103B494A2389489600502B9E /* KeyWindow.swift */; };
		103B49502389489600502B9E /* CornerRadiusWindow.swift in Sources */ = {isa = PBXBuildFile; fileRef = 103B494B2389489600502B9E /* CornerRadiusWindow.swift */; };
		103B49512389489600502B9E /* MouseEnterOrExitView.swift in Sources */ = {isa = PBXBuildFile; fileRef = 103B494D2389489600502B9E /* MouseEnterOrExitView.swift */; };
		103B49522389489600502B9E /* ContainerView.swift in Sources */ = {isa = PBXBuildFile; fileRef = 103B494E2389489600502B9E /* ContainerView.swift */; };
		103B4956238948D100502B9E /* EntitysDataManager.swift in Sources */ = {isa = PBXBuildFile; fileRef = 103B4954238948D100502B9E /* EntitysDataManager.swift */; };
		103B4957238948D100502B9E /* Entitys.swift in Sources */ = {isa = PBXBuildFile; fileRef = 103B4955238948D100502B9E /* Entitys.swift */; };
		10636F5E22CFA2A80034A505 /* Assets.xcassets in Resources */ = {isa = PBXBuildFile; fileRef = 10636F5D22CFA2A80034A505 /* Assets.xcassets */; };
		10636F6122CFA2A80034A505 /* Main.storyboard in Resources */ = {isa = PBXBuildFile; fileRef = 10636F5F22CFA2A80034A505 /* Main.storyboard */; };
		10636F6E22CFA34A0034A505 /* Document.swift in Sources */ = {isa = PBXBuildFile; fileRef = 10636F6D22CFA34A0034A505 /* Document.swift */; };
		10636F7D22CFA5460034A505 /* NSColor+Exts.swift in Sources */ = {isa = PBXBuildFile; fileRef = 10636F7C22CFA5460034A505 /* NSColor+Exts.swift */; };
		10636F7F22D084BF0034A505 /* NSStoryboard+Exts.swift in Sources */ = {isa = PBXBuildFile; fileRef = 10636F7E22D084BF0034A505 /* NSStoryboard+Exts.swift */; };
		10636F8722D0A0860034A505 /* NSView+Exts.swift in Sources */ = {isa = PBXBuildFile; fileRef = 10636F8622D0A0860034A505 /* NSView+Exts.swift */; };
		10636FC622D4D08C0034A505 /* MainUI.storyboard in Resources */ = {isa = PBXBuildFile; fileRef = 10636FB822D4D08C0034A505 /* MainUI.storyboard */; };
		10636FD222D4E98B0034A505 /* NSScrollView+Exts.swift in Sources */ = {isa = PBXBuildFile; fileRef = 10636FD122D4E98B0034A505 /* NSScrollView+Exts.swift */; };
		1063702522D78E090034A505 /* SourceCodeRegexLexer.swift in Sources */ = {isa = PBXBuildFile; fileRef = 1063700922D78E090034A505 /* SourceCodeRegexLexer.swift */; };
		1063702622D78E090034A505 /* String+Range.swift in Sources */ = {isa = PBXBuildFile; fileRef = 1063700B22D78E090034A505 /* String+Range.swift */; };
		1063702722D78E090034A505 /* NSTextView+UIKit.swift in Sources */ = {isa = PBXBuildFile; fileRef = 1063700C22D78E090034A505 /* NSTextView+UIKit.swift */; };
		1063702822D78E090034A505 /* Types.swift in Sources */ = {isa = PBXBuildFile; fileRef = 1063700D22D78E090034A505 /* Types.swift */; };
		1063702922D78E090034A505 /* NSMutableAttributedString+Tokens.swift in Sources */ = {isa = PBXBuildFile; fileRef = 1063700E22D78E090034A505 /* NSMutableAttributedString+Tokens.swift */; };
		1063702A22D78E090034A505 /* Python3Lexer.swift in Sources */ = {isa = PBXBuildFile; fileRef = 1063701022D78E090034A505 /* Python3Lexer.swift */; };
		1063702B22D78E090034A505 /* SwiftLexer.swift in Sources */ = {isa = PBXBuildFile; fileRef = 1063701122D78E090034A505 /* SwiftLexer.swift */; };
		1063702C22D78E090034A505 /* ASTVisualizer.swift in Sources */ = {isa = PBXBuildFile; fileRef = 1063701222D78E090034A505 /* ASTVisualizer.swift */; };
		1063702D22D78E090034A505 /* Lexer.swift in Sources */ = {isa = PBXBuildFile; fileRef = 1063701422D78E090034A505 /* Lexer.swift */; };
		1063702E22D78E090034A505 /* Paragraph.swift in Sources */ = {isa = PBXBuildFile; fileRef = 1063701522D78E090034A505 /* Paragraph.swift */; };
		1063702F22D78E090034A505 /* SyntaxColorTheme.swift in Sources */ = {isa = PBXBuildFile; fileRef = 1063701622D78E090034A505 /* SyntaxColorTheme.swift */; };
		1063703022D78E090034A505 /* Token.swift in Sources */ = {isa = PBXBuildFile; fileRef = 1063701722D78E090034A505 /* Token.swift */; };
		1063703122D78E090034A505 /* RegexLexer.swift in Sources */ = {isa = PBXBuildFile; fileRef = 1063701822D78E090034A505 /* RegexLexer.swift */; };
		1063703222D78E090034A505 /* SyntaxTextView.swift in Sources */ = {isa = PBXBuildFile; fileRef = 1063701A22D78E090034A505 /* SyntaxTextView.swift */; };
		1063703322D78E090034A505 /* SyntaxTextView+TextViewDelegate.swift in Sources */ = {isa = PBXBuildFile; fileRef = 1063701B22D78E090034A505 /* SyntaxTextView+TextViewDelegate.swift */; };
		1063703422D78E090034A505 /* InnerTextView.swift in Sources */ = {isa = PBXBuildFile; fileRef = 1063701C22D78E090034A505 /* InnerTextView.swift */; };
		1063703522D78E090034A505 /* TextViewWrapperView.swift in Sources */ = {isa = PBXBuildFile; fileRef = 1063701D22D78E090034A505 /* TextViewWrapperView.swift */; };
		1063703622D78E090034A505 /* LineNumberLayoutManager.swift in Sources */ = {isa = PBXBuildFile; fileRef = 1063701E22D78E090034A505 /* LineNumberLayoutManager.swift */; };
		1063703722D78E090034A505 /* SyntaxTextViewLayoutManager.swift in Sources */ = {isa = PBXBuildFile; fileRef = 1063701F22D78E090034A505 /* SyntaxTextViewLayoutManager.swift */; };
		1063703822D78E090034A505 /* Paragraphs.swift in Sources */ = {isa = PBXBuildFile; fileRef = 1063702022D78E090034A505 /* Paragraphs.swift */; };
		1063703922D78E090034A505 /* SourceCodeTheme.swift in Sources */ = {isa = PBXBuildFile; fileRef = 1063702122D78E090034A505 /* SourceCodeTheme.swift */; };
		1063703A22D78E090034A505 /* SourceCodeToken.swift in Sources */ = {isa = PBXBuildFile; fileRef = 1063702222D78E090034A505 /* SourceCodeToken.swift */; };
		1063703B22D78E090034A505 /* DefaultSourceCodeTheme.swift in Sources */ = {isa = PBXBuildFile; fileRef = 1063702422D78E090034A505 /* DefaultSourceCodeTheme.swift */; };
		1063703D22D794220034A505 /* NetworkExtension.framework in Frameworks */ = {isa = PBXBuildFile; fileRef = 1063703C22D794220034A505 /* NetworkExtension.framework */; };
		1063704322D9E25D0034A505 /* ConstraintArrayDSL.swift in Sources */ = {isa = PBXBuildFile; fileRef = 1063704222D9E25D0034A505 /* ConstraintArrayDSL.swift */; };
		1063704B22DA36FA0034A505 /* Note.md in Resources */ = {isa = PBXBuildFile; fileRef = 1063704A22DA36FA0034A505 /* Note.md */; };
		1063704D22DA3D660034A505 /* NSUserNotification+Exts.swift in Sources */ = {isa = PBXBuildFile; fileRef = 1063704C22DA3D660034A505 /* NSUserNotification+Exts.swift */; };
		1063705022DA412F0034A505 /* Command.swift in Sources */ = {isa = PBXBuildFile; fileRef = 1063704F22DA412F0034A505 /* Command.swift */; };
		1063705222DA442A0034A505 /* Process+Exts.swift in Sources */ = {isa = PBXBuildFile; fileRef = 1063705122DA442A0034A505 /* Process+Exts.swift */; };
		1063705622DAE9600034A505 /* Git.swift in Sources */ = {isa = PBXBuildFile; fileRef = 1063705522DAE9600034A505 /* Git.swift */; };
		1063705822DAE9680034A505 /* Cocoapods.swift in Sources */ = {isa = PBXBuildFile; fileRef = 1063705722DAE9680034A505 /* Cocoapods.swift */; };
		1063705A22DAEA520034A505 /* Xcode.swift in Sources */ = {isa = PBXBuildFile; fileRef = 1063705922DAEA520034A505 /* Xcode.swift */; };
		1063705C22DAEC0D0034A505 /* Cartfile in Resources */ = {isa = PBXBuildFile; fileRef = 1063705B22DAEC0D0034A505 /* Cartfile */; };
		1063705F22DB01AC0034A505 /* .gitignore in Resources */ = {isa = PBXBuildFile; fileRef = 1063705E22DB01AC0034A505 /* .gitignore */; };
		1063706222DB0ADF0034A505 /* Config.swift in Sources */ = {isa = PBXBuildFile; fileRef = 1063706122DB0ADF0034A505 /* Config.swift */; };
		1081D718232CD6CA006A7358 /* NSLabel.swift in Sources */ = {isa = PBXBuildFile; fileRef = 1081D717232CD6CA006A7358 /* NSLabel.swift */; };
		1081D71A232CDA7C006A7358 /* TerminalTextView.swift in Sources */ = {isa = PBXBuildFile; fileRef = 1081D719232CDA7C006A7358 /* TerminalTextView.swift */; };
		10E0226F22E31BBC00DE3433 /* bundle in Resources */ = {isa = PBXBuildFile; fileRef = 10E0226E22E31BBC00DE3433 /* bundle */; };
		10E0227622E4137E00DE3433 /* NetworkConfig.swift in Sources */ = {isa = PBXBuildFile; fileRef = 10E0227522E4137E00DE3433 /* NetworkConfig.swift */; };
		10E0227A22E4194100DE3433 /* Login.storyboard in Resources */ = {isa = PBXBuildFile; fileRef = 10E0227922E4194100DE3433 /* Login.storyboard */; };
		10E0227E22E4765A00DE3433 /* YRKSpinningProgressIndicatorLayer.swift in Sources */ = {isa = PBXBuildFile; fileRef = 10E0227C22E4765A00DE3433 /* YRKSpinningProgressIndicatorLayer.swift */; };
		10E0227F22E4765A00DE3433 /* ProgressHUD.swift in Sources */ = {isa = PBXBuildFile; fileRef = 10E0227D22E4765A00DE3433 /* ProgressHUD.swift */; };
		10E0228522E89FA900DE3433 /* Models.swift in Sources */ = {isa = PBXBuildFile; fileRef = 10E0228422E89FA900DE3433 /* Models.swift */; };
		10E0228722E8AD7D00DE3433 /* VerticallyCentered+TextFieldCell.swift in Sources */ = {isa = PBXBuildFile; fileRef = 10E0228622E8AD7D00DE3433 /* VerticallyCentered+TextFieldCell.swift */; };
		10E0228922EB3E3500DE3433 /* Class_Association.md in Resources */ = {isa = PBXBuildFile; fileRef = 10E0228822EB3E3500DE3433 /* Class_Association.md */; };
		10E0229122EB3ED500DE3433 /* QueenTests.swift in Sources */ = {isa = PBXBuildFile; fileRef = 10E0229022EB3ED500DE3433 /* QueenTests.swift */; };
		10E0229922EB3F7400DE3433 /* NSApplication+Exts.swift in Sources */ = {isa = PBXBuildFile; fileRef = 10E0229822EB3F7400DE3433 /* NSApplication+Exts.swift */; };
		10E0229E22EB401800DE3433 /* Utils.swift in Sources */ = {isa = PBXBuildFile; fileRef = 10E0229D22EB401800DE3433 /* Utils.swift */; };
		10E022A022EB403200DE3433 /* Regex.swift in Sources */ = {isa = PBXBuildFile; fileRef = 10E0229F22EB403200DE3433 /* Regex.swift */; };
		10E022A522EB41A700DE3433 /* LeanCloud+User.swift in Sources */ = {isa = PBXBuildFile; fileRef = 10E022A422EB41A700DE3433 /* LeanCloud+User.swift */; };
		10FFF01122F5DA3A003D61C7 /* LeanCloud+Team.swift in Sources */ = {isa = PBXBuildFile; fileRef = 10FFF01022F5DA3A003D61C7 /* LeanCloud+Team.swift */; };
		10FFF01322F5E674003D61C7 /* LeanCloud+SpecSources.swift in Sources */ = {isa = PBXBuildFile; fileRef = 10FFF01222F5E674003D61C7 /* LeanCloud+SpecSources.swift */; };
		10FFF01522F5F038003D61C7 /* AppDelegate+ Environment.swift in Sources */ = {isa = PBXBuildFile; fileRef = 10FFF01422F5F038003D61C7 /* AppDelegate+ Environment.swift */; };
		10FFF01722F5F37D003D61C7 /* Path.swift in Sources */ = {isa = PBXBuildFile; fileRef = 10FFF01622F5F37D003D61C7 /* Path.swift */; };
		10FFF01B22F6B9E6003D61C7 /* NSAlert+Exts.swift in Sources */ = {isa = PBXBuildFile; fileRef = 10FFF01A22F6B9E6003D61C7 /* NSAlert+Exts.swift */; };
		10FFF01F22F72349003D61C7 /* Command+Pods.swift in Sources */ = {isa = PBXBuildFile; fileRef = 10FFF01E22F72349003D61C7 /* Command+Pods.swift */; };
		10FFF02122F863C3003D61C7 /* AppInfo.swift in Sources */ = {isa = PBXBuildFile; fileRef = 10FFF02022F863C3003D61C7 /* AppInfo.swift */; };
		10FFF02522FB047A003D61C7 /* Info.plist in Resources */ = {isa = PBXBuildFile; fileRef = 10FFF02422FB047A003D61C7 /* Info.plist */; };
		B3A6ADFF8CD78FE8BB8DE585 /* Pods_QueenTests.framework in Frameworks */ = {isa = PBXBuildFile; fileRef = 42B826F55DF0058DFB2F9F9A /* Pods_QueenTests.framework */; };
		CEE7A8F95A0081A52D9B66F1 /* Pods_Queen.framework in Frameworks */ = {isa = PBXBuildFile; fileRef = CD88B27D84193590EF8382C9 /* Pods_Queen.framework */; };
/* End PBXBuildFile section */

/* Begin PBXContainerItemProxy section */
		10E0229322EB3ED500DE3433 /* PBXContainerItemProxy */ = {
			isa = PBXContainerItemProxy;
			containerPortal = 10636F4C22CFA2A70034A505 /* Project object */;
			proxyType = 1;
			remoteGlobalIDString = 10636F5322CFA2A70034A505;
			remoteInfo = Queen;
		};
/* End PBXContainerItemProxy section */

/* Begin PBXFileReference section */
		04E3755F5FA11A5500E8AF63 /* Pods-QueenTests.debug.xcconfig */ = {isa = PBXFileReference; includeInIndex = 1; lastKnownFileType = text.xcconfig; name = "Pods-QueenTests.debug.xcconfig"; path = "Pods/Target Support Files/Pods-QueenTests/Pods-QueenTests.debug.xcconfig"; sourceTree = "<group>"; };
		1023EB5822DDF2A60067E402 /* DefaultSettings.swift */ = {isa = PBXFileReference; lastKnownFileType = sourcecode.swift; path = DefaultSettings.swift; sourceTree = "<group>"; };
		1023EB5E22DDFADD0067E402 /* Dictionary+Exts.swift */ = {isa = PBXFileReference; lastKnownFileType = sourcecode.swift; path = "Dictionary+Exts.swift"; sourceTree = "<group>"; };
		1023EB6022DDFB140067E402 /* DocumentController.swift */ = {isa = PBXFileReference; lastKnownFileType = sourcecode.swift; path = DocumentController.swift; sourceTree = "<group>"; };
		1023EB6622DE00120067E402 /* WorkspaceManager.swift */ = {isa = PBXFileReference; lastKnownFileType = sourcecode.swift; path = WorkspaceManager.swift; sourceTree = "<group>"; };
		1023EB6822DE07D10067E402 /* DocumentType.swift */ = {isa = PBXFileReference; fileEncoding = 4; lastKnownFileType = sourcecode.swift; path = DocumentType.swift; sourceTree = "<group>"; };
		1023EB7722E2BFD10067E402 /* UserInterfaction+NSView.swift */ = {isa = PBXFileReference; lastKnownFileType = sourcecode.swift; path = "UserInterfaction+NSView.swift"; sourceTree = "<group>"; };
		1023EB7922E2D2410067E402 /* CommandLine.swift */ = {isa = PBXFileReference; lastKnownFileType = sourcecode.swift; path = CommandLine.swift; sourceTree = "<group>"; };
		1035223022F1DA9400C38178 /* PodSearchCoordinator.swift */ = {isa = PBXFileReference; lastKnownFileType = sourcecode.swift; path = PodSearchCoordinator.swift; sourceTree = "<group>"; };
		1035223222F1DB1D00C38178 /* PodAnalyzerCoordinator.swift */ = {isa = PBXFileReference; lastKnownFileType = sourcecode.swift; path = PodAnalyzerCoordinator.swift; sourceTree = "<group>"; };
		1035223422F1DB6000C38178 /* PodPluginCoordinator.swift */ = {isa = PBXFileReference; lastKnownFileType = sourcecode.swift; path = PodPluginCoordinator.swift; sourceTree = "<group>"; };
		1035223622F1DC1F00C38178 /* PodRepoCoordinator.swift */ = {isa = PBXFileReference; lastKnownFileType = sourcecode.swift; path = PodRepoCoordinator.swift; sourceTree = "<group>"; };
		1035223822F5558200C38178 /* PodActionCoordinator.swift */ = {isa = PBXFileReference; lastKnownFileType = sourcecode.swift; path = PodActionCoordinator.swift; sourceTree = "<group>"; };
		1035223A22F555A100C38178 /* XcodeActionCoordinator.swift */ = {isa = PBXFileReference; lastKnownFileType = sourcecode.swift; path = XcodeActionCoordinator.swift; sourceTree = "<group>"; };
		1035223D22F55B0500C38178 /* AppDelegate.swift */ = {isa = PBXFileReference; fileEncoding = 4; lastKnownFileType = sourcecode.swift; path = AppDelegate.swift; sourceTree = "<group>"; };
		1035223F22F55B1B00C38178 /* AppDelegate+Basic.swift */ = {isa = PBXFileReference; lastKnownFileType = sourcecode.swift; path = "AppDelegate+Basic.swift"; sourceTree = "<group>"; };
		1035224122F55B3300C38178 /* Appdelegate+Notification.swift */ = {isa = PBXFileReference; lastKnownFileType = sourcecode.swift; path = "Appdelegate+Notification.swift"; sourceTree = "<group>"; };
		1035224322F55B9B00C38178 /* AppDelegate+Menu.swift */ = {isa = PBXFileReference; lastKnownFileType = sourcecode.swift; path = "AppDelegate+Menu.swift"; sourceTree = "<group>"; };
		1035224522F55BB900C38178 /* AppDelegate+Document.swift */ = {isa = PBXFileReference; lastKnownFileType = sourcecode.swift; path = "AppDelegate+Document.swift"; sourceTree = "<group>"; };
		1035224722F566FD00C38178 /* Welcome.storyboard */ = {isa = PBXFileReference; lastKnownFileType = file.storyboard; path = Welcome.storyboard; sourceTree = "<group>"; };
		1036287822DB126200D7FA2D /* Carthage.swift */ = {isa = PBXFileReference; lastKnownFileType = sourcecode.swift; path = Carthage.swift; sourceTree = "<group>"; };
		1036287A22DB13AC00D7FA2D /* Open.swift */ = {isa = PBXFileReference; lastKnownFileType = sourcecode.swift; path = Open.swift; sourceTree = "<group>"; };
		103B48D72389486000502B9E /* PreferencesViewController.swift */ = {isa = PBXFileReference; fileEncoding = 4; lastKnownFileType = sourcecode.swift; path = PreferencesViewController.swift; sourceTree = "<group>"; };
		103B48D82389486000502B9E /* PreferencesWindowController.swift */ = {isa = PBXFileReference; fileEncoding = 4; lastKnownFileType = sourcecode.swift; path = PreferencesWindowController.swift; sourceTree = "<group>"; };
		103B48DA2389486000502B9E /* WelcomeWindowController.swift */ = {isa = PBXFileReference; fileEncoding = 4; lastKnownFileType = sourcecode.swift; path = WelcomeWindowController.swift; sourceTree = "<group>"; };
		103B48DB2389486000502B9E /* WelcomeWorkspaceModel.swift */ = {isa = PBXFileReference; fileEncoding = 4; lastKnownFileType = sourcecode.swift; path = WelcomeWorkspaceModel.swift; sourceTree = "<group>"; };
		103B48DC2389486000502B9E /* WelcomeViewController.swift */ = {isa = PBXFileReference; fileEncoding = 4; lastKnownFileType = sourcecode.swift; path = WelcomeViewController.swift; sourceTree = "<group>"; };
		103B48DE2389486000502B9E /* WelcomeViewActionView.swift */ = {isa = PBXFileReference; fileEncoding = 4; lastKnownFileType = sourcecode.swift; path = WelcomeViewActionView.swift; sourceTree = "<group>"; };
		103B48DF2389486000502B9E /* WelcomeTableViewCell.swift */ = {isa = PBXFileReference; fileEncoding = 4; lastKnownFileType = sourcecode.swift; path = WelcomeTableViewCell.swift; sourceTree = "<group>"; };
		103B48E22389486000502B9E /* DocumentationViewController.swift */ = {isa = PBXFileReference; fileEncoding = 4; lastKnownFileType = sourcecode.swift; path = DocumentationViewController.swift; sourceTree = "<group>"; };
		103B48E32389486000502B9E /* MainWindowController.swift */ = {isa = PBXFileReference; fileEncoding = 4; lastKnownFileType = sourcecode.swift; path = MainWindowController.swift; sourceTree = "<group>"; };
		103B48E52389486000502B9E /* ConfigViewController.swift */ = {isa = PBXFileReference; fileEncoding = 4; lastKnownFileType = sourcecode.swift; path = ConfigViewController.swift; sourceTree = "<group>"; };
		103B48E82389486000502B9E /* CIManagerViewCell.swift */ = {isa = PBXFileReference; fileEncoding = 4; lastKnownFileType = sourcecode.swift; path = CIManagerViewCell.swift; sourceTree = "<group>"; };
		103B48E92389486000502B9E /* CIManagerViewController.swift */ = {isa = PBXFileReference; fileEncoding = 4; lastKnownFileType = sourcecode.swift; path = CIManagerViewController.swift; sourceTree = "<group>"; };
		103B48EA2389486000502B9E /* CIStatusViewController.swift */ = {isa = PBXFileReference; fileEncoding = 4; lastKnownFileType = sourcecode.swift; path = CIStatusViewController.swift; sourceTree = "<group>"; };
		103B48EB2389486000502B9E /* MainViewController.swift */ = {isa = PBXFileReference; fileEncoding = 4; lastKnownFileType = sourcecode.swift; path = MainViewController.swift; sourceTree = "<group>"; };
		103B48ED2389486000502B9E /* PodContactViewController.swift */ = {isa = PBXFileReference; fileEncoding = 4; lastKnownFileType = sourcecode.swift; path = PodContactViewController.swift; sourceTree = "<group>"; };
		103B48EE2389486000502B9E /* VersionEditViewController.swift */ = {isa = PBXFileReference; fileEncoding = 4; lastKnownFileType = sourcecode.swift; path = VersionEditViewController.swift; sourceTree = "<group>"; };
		103B48EF2389486000502B9E /* PodMessageViewController.swift */ = {isa = PBXFileReference; fileEncoding = 4; lastKnownFileType = sourcecode.swift; path = PodMessageViewController.swift; sourceTree = "<group>"; };
		103B48F12389486000502B9E /* ComponentModel.swift */ = {isa = PBXFileReference; fileEncoding = 4; lastKnownFileType = sourcecode.swift; path = ComponentModel.swift; sourceTree = "<group>"; };
		103B48F22389486000502B9E /* ManagerViewController.swift */ = {isa = PBXFileReference; fileEncoding = 4; lastKnownFileType = sourcecode.swift; path = ManagerViewController.swift; sourceTree = "<group>"; };
		103B48F32389486000502B9E /* VersionEditWindowController.swift */ = {isa = PBXFileReference; fileEncoding = 4; lastKnownFileType = sourcecode.swift; path = VersionEditWindowController.swift; sourceTree = "<group>"; };
		103B48F62389486000502B9E /* TerminalPopUpButton.swift */ = {isa = PBXFileReference; fileEncoding = 4; lastKnownFileType = sourcecode.swift; path = TerminalPopUpButton.swift; sourceTree = "<group>"; };
		103B48F72389486000502B9E /* NameTableViewCell.swift */ = {isa = PBXFileReference; fileEncoding = 4; lastKnownFileType = sourcecode.swift; path = NameTableViewCell.swift; sourceTree = "<group>"; };
		103B48F82389486000502B9E /* MainContentTopMenuView.swift */ = {isa = PBXFileReference; fileEncoding = 4; lastKnownFileType = sourcecode.swift; path = MainContentTopMenuView.swift; sourceTree = "<group>"; };
		103B48F92389486000502B9E /* MenuTableViewCell.swift */ = {isa = PBXFileReference; fileEncoding = 4; lastKnownFileType = sourcecode.swift; path = MenuTableViewCell.swift; sourceTree = "<group>"; };
		103B48FA2389486000502B9E /* TerminalView.swift */ = {isa = PBXFileReference; fileEncoding = 4; lastKnownFileType = sourcecode.swift; path = TerminalView.swift; sourceTree = "<group>"; };
		103B48FB2389486000502B9E /* TerminalButtomToolView.swift */ = {isa = PBXFileReference; fileEncoding = 4; lastKnownFileType = sourcecode.swift; path = TerminalButtomToolView.swift; sourceTree = "<group>"; };
		103B48FC2389486000502B9E /* ButtonTableViewCell.swift */ = {isa = PBXFileReference; fileEncoding = 4; lastKnownFileType = sourcecode.swift; path = ButtonTableViewCell.swift; sourceTree = "<group>"; };
		103B48FD2389486000502B9E /* TerminalViewConstroller.swift */ = {isa = PBXFileReference; fileEncoding = 4; lastKnownFileType = sourcecode.swift; path = TerminalViewConstroller.swift; sourceTree = "<group>"; };
		103B48FF2389486000502B9E /* AdministratorViewController.swift */ = {isa = PBXFileReference; fileEncoding = 4; lastKnownFileType = sourcecode.swift; path = AdministratorViewController.swift; sourceTree = "<group>"; };
		103B49012389486000502B9E /* AdministratorMenuView.swift */ = {isa = PBXFileReference; fileEncoding = 4; lastKnownFileType = sourcecode.swift; path = AdministratorMenuView.swift; sourceTree = "<group>"; };
		103B49022389486000502B9E /* AdministratorMenuCell.swift */ = {isa = PBXFileReference; fileEncoding = 4; lastKnownFileType = sourcecode.swift; path = AdministratorMenuCell.swift; sourceTree = "<group>"; };
		103B49032389486000502B9E /* ContentContainterView.swift */ = {isa = PBXFileReference; fileEncoding = 4; lastKnownFileType = sourcecode.swift; path = ContentContainterView.swift; sourceTree = "<group>"; };
		103B49052389486000502B9E /* AdminUserManagerController.swift */ = {isa = PBXFileReference; fileEncoding = 4; lastKnownFileType = sourcecode.swift; path = AdminUserManagerController.swift; sourceTree = "<group>"; };
		103B49062389486000502B9E /* AdminSpecManagerController.swift */ = {isa = PBXFileReference; fileEncoding = 4; lastKnownFileType = sourcecode.swift; path = AdminSpecManagerController.swift; sourceTree = "<group>"; };
		103B49072389486000502B9E /* AdminTeamManagerController.swift */ = {isa = PBXFileReference; fileEncoding = 4; lastKnownFileType = sourcecode.swift; path = AdminTeamManagerController.swift; sourceTree = "<group>"; };
		103B49082389486000502B9E /* MenuViewController.swift */ = {isa = PBXFileReference; fileEncoding = 4; lastKnownFileType = sourcecode.swift; path = MenuViewController.swift; sourceTree = "<group>"; };
		103B490A2389486000502B9E /* BuriedPoint3DShowViewController.swift */ = {isa = PBXFileReference; fileEncoding = 4; lastKnownFileType = sourcecode.swift; path = BuriedPoint3DShowViewController.swift; sourceTree = "<group>"; };
		103B490B2389486000502B9E /* BuriedPointShowViewController.swift */ = {isa = PBXFileReference; fileEncoding = 4; lastKnownFileType = sourcecode.swift; path = BuriedPointShowViewController.swift; sourceTree = "<group>"; };
		103B490C2389486000502B9E /* BuriedTreeViewController.swift */ = {isa = PBXFileReference; fileEncoding = 4; lastKnownFileType = sourcecode.swift; path = BuriedTreeViewController.swift; sourceTree = "<group>"; };
		103B490D2389486000502B9E /* BuriedPointEditViewController.swift */ = {isa = PBXFileReference; fileEncoding = 4; lastKnownFileType = sourcecode.swift; path = BuriedPointEditViewController.swift; sourceTree = "<group>"; };
		103B490E2389486000502B9E /* BuriedPointViewController.swift */ = {isa = PBXFileReference; fileEncoding = 4; lastKnownFileType = sourcecode.swift; path = BuriedPointViewController.swift; sourceTree = "<group>"; };
		103B49102389486000502B9E /* BuildingViewController.swift */ = {isa = PBXFileReference; fileEncoding = 4; lastKnownFileType = sourcecode.swift; path = BuildingViewController.swift; sourceTree = "<group>"; };
		103B49122389486000502B9E /* BuildingManagerCell.swift */ = {isa = PBXFileReference; fileEncoding = 4; lastKnownFileType = sourcecode.swift; path = BuildingManagerCell.swift; sourceTree = "<group>"; };
		103B49132389486000502B9E /* BuildingTerminalManagerController.swift */ = {isa = PBXFileReference; fileEncoding = 4; lastKnownFileType = sourcecode.swift; path = BuildingTerminalManagerController.swift; sourceTree = "<group>"; };
		103B49152389486000502B9E /* LoginWindowController.swift */ = {isa = PBXFileReference; fileEncoding = 4; lastKnownFileType = sourcecode.swift; path = LoginWindowController.swift; sourceTree = "<group>"; };
		103B49162389486000502B9E /* LoginViewController.swift */ = {isa = PBXFileReference; fileEncoding = 4; lastKnownFileType = sourcecode.swift; path = LoginViewController.swift; sourceTree = "<group>"; };
		103B49172389486000502B9E /* IconImageView.swift */ = {isa = PBXFileReference; fileEncoding = 4; lastKnownFileType = sourcecode.swift; path = IconImageView.swift; sourceTree = "<group>"; };
		103B494A2389489600502B9E /* KeyWindow.swift */ = {isa = PBXFileReference; fileEncoding = 4; lastKnownFileType = sourcecode.swift; path = KeyWindow.swift; sourceTree = "<group>"; };
		103B494B2389489600502B9E /* CornerRadiusWindow.swift */ = {isa = PBXFileReference; fileEncoding = 4; lastKnownFileType = sourcecode.swift; path = CornerRadiusWindow.swift; sourceTree = "<group>"; };
		103B494D2389489600502B9E /* MouseEnterOrExitView.swift */ = {isa = PBXFileReference; fileEncoding = 4; lastKnownFileType = sourcecode.swift; path = MouseEnterOrExitView.swift; sourceTree = "<group>"; };
		103B494E2389489600502B9E /* ContainerView.swift */ = {isa = PBXFileReference; fileEncoding = 4; lastKnownFileType = sourcecode.swift; path = ContainerView.swift; sourceTree = "<group>"; };
		103B4954238948D100502B9E /* EntitysDataManager.swift */ = {isa = PBXFileReference; fileEncoding = 4; lastKnownFileType = sourcecode.swift; path = EntitysDataManager.swift; sourceTree = "<group>"; };
		103B4955238948D100502B9E /* Entitys.swift */ = {isa = PBXFileReference; fileEncoding = 4; lastKnownFileType = sourcecode.swift; path = Entitys.swift; sourceTree = "<group>"; };
		10636F5422CFA2A70034A505 /* Queen.app */ = {isa = PBXFileReference; explicitFileType = wrapper.application; includeInIndex = 0; path = Queen.app; sourceTree = BUILT_PRODUCTS_DIR; };
		10636F5D22CFA2A80034A505 /* Assets.xcassets */ = {isa = PBXFileReference; lastKnownFileType = folder.assetcatalog; path = Assets.xcassets; sourceTree = "<group>"; };
		10636F6022CFA2A80034A505 /* Base */ = {isa = PBXFileReference; lastKnownFileType = file.storyboard; name = Base; path = Base.lproj/Main.storyboard; sourceTree = "<group>"; };
		10636F6322CFA2A80034A505 /* Queen.entitlements */ = {isa = PBXFileReference; lastKnownFileType = text.plist.entitlements; path = Queen.entitlements; sourceTree = "<group>"; };
		10636F6D22CFA34A0034A505 /* Document.swift */ = {isa = PBXFileReference; fileEncoding = 4; lastKnownFileType = sourcecode.swift; path = Document.swift; sourceTree = "<group>"; };
		10636F7C22CFA5460034A505 /* NSColor+Exts.swift */ = {isa = PBXFileReference; lastKnownFileType = sourcecode.swift; path = "NSColor+Exts.swift"; sourceTree = "<group>"; };
		10636F7E22D084BF0034A505 /* NSStoryboard+Exts.swift */ = {isa = PBXFileReference; lastKnownFileType = sourcecode.swift; path = "NSStoryboard+Exts.swift"; sourceTree = "<group>"; };
		10636F8622D0A0860034A505 /* NSView+Exts.swift */ = {isa = PBXFileReference; lastKnownFileType = sourcecode.swift; path = "NSView+Exts.swift"; sourceTree = "<group>"; };
		10636FB822D4D08C0034A505 /* MainUI.storyboard */ = {isa = PBXFileReference; fileEncoding = 4; lastKnownFileType = file.storyboard; path = MainUI.storyboard; sourceTree = "<group>"; };
		10636FD122D4E98B0034A505 /* NSScrollView+Exts.swift */ = {isa = PBXFileReference; lastKnownFileType = sourcecode.swift; path = "NSScrollView+Exts.swift"; sourceTree = "<group>"; };
		1063700922D78E090034A505 /* SourceCodeRegexLexer.swift */ = {isa = PBXFileReference; fileEncoding = 4; lastKnownFileType = sourcecode.swift; path = SourceCodeRegexLexer.swift; sourceTree = "<group>"; };
		1063700B22D78E090034A505 /* String+Range.swift */ = {isa = PBXFileReference; fileEncoding = 4; lastKnownFileType = sourcecode.swift; path = "String+Range.swift"; sourceTree = "<group>"; };
		1063700C22D78E090034A505 /* NSTextView+UIKit.swift */ = {isa = PBXFileReference; fileEncoding = 4; lastKnownFileType = sourcecode.swift; path = "NSTextView+UIKit.swift"; sourceTree = "<group>"; };
		1063700D22D78E090034A505 /* Types.swift */ = {isa = PBXFileReference; fileEncoding = 4; lastKnownFileType = sourcecode.swift; path = Types.swift; sourceTree = "<group>"; };
		1063700E22D78E090034A505 /* NSMutableAttributedString+Tokens.swift */ = {isa = PBXFileReference; fileEncoding = 4; lastKnownFileType = sourcecode.swift; path = "NSMutableAttributedString+Tokens.swift"; sourceTree = "<group>"; };
		1063701022D78E090034A505 /* Python3Lexer.swift */ = {isa = PBXFileReference; fileEncoding = 4; lastKnownFileType = sourcecode.swift; path = Python3Lexer.swift; sourceTree = "<group>"; };
		1063701122D78E090034A505 /* SwiftLexer.swift */ = {isa = PBXFileReference; fileEncoding = 4; lastKnownFileType = sourcecode.swift; path = SwiftLexer.swift; sourceTree = "<group>"; };
		1063701222D78E090034A505 /* ASTVisualizer.swift */ = {isa = PBXFileReference; fileEncoding = 4; lastKnownFileType = sourcecode.swift; path = ASTVisualizer.swift; sourceTree = "<group>"; };
		1063701422D78E090034A505 /* Lexer.swift */ = {isa = PBXFileReference; fileEncoding = 4; lastKnownFileType = sourcecode.swift; path = Lexer.swift; sourceTree = "<group>"; };
		1063701522D78E090034A505 /* Paragraph.swift */ = {isa = PBXFileReference; fileEncoding = 4; lastKnownFileType = sourcecode.swift; path = Paragraph.swift; sourceTree = "<group>"; };
		1063701622D78E090034A505 /* SyntaxColorTheme.swift */ = {isa = PBXFileReference; fileEncoding = 4; lastKnownFileType = sourcecode.swift; path = SyntaxColorTheme.swift; sourceTree = "<group>"; };
		1063701722D78E090034A505 /* Token.swift */ = {isa = PBXFileReference; fileEncoding = 4; lastKnownFileType = sourcecode.swift; path = Token.swift; sourceTree = "<group>"; };
		1063701822D78E090034A505 /* RegexLexer.swift */ = {isa = PBXFileReference; fileEncoding = 4; lastKnownFileType = sourcecode.swift; path = RegexLexer.swift; sourceTree = "<group>"; };
		1063701A22D78E090034A505 /* SyntaxTextView.swift */ = {isa = PBXFileReference; fileEncoding = 4; lastKnownFileType = sourcecode.swift; path = SyntaxTextView.swift; sourceTree = "<group>"; };
		1063701B22D78E090034A505 /* SyntaxTextView+TextViewDelegate.swift */ = {isa = PBXFileReference; fileEncoding = 4; lastKnownFileType = sourcecode.swift; path = "SyntaxTextView+TextViewDelegate.swift"; sourceTree = "<group>"; };
		1063701C22D78E090034A505 /* InnerTextView.swift */ = {isa = PBXFileReference; fileEncoding = 4; lastKnownFileType = sourcecode.swift; path = InnerTextView.swift; sourceTree = "<group>"; };
		1063701D22D78E090034A505 /* TextViewWrapperView.swift */ = {isa = PBXFileReference; fileEncoding = 4; lastKnownFileType = sourcecode.swift; path = TextViewWrapperView.swift; sourceTree = "<group>"; };
		1063701E22D78E090034A505 /* LineNumberLayoutManager.swift */ = {isa = PBXFileReference; fileEncoding = 4; lastKnownFileType = sourcecode.swift; path = LineNumberLayoutManager.swift; sourceTree = "<group>"; };
		1063701F22D78E090034A505 /* SyntaxTextViewLayoutManager.swift */ = {isa = PBXFileReference; fileEncoding = 4; lastKnownFileType = sourcecode.swift; path = SyntaxTextViewLayoutManager.swift; sourceTree = "<group>"; };
		1063702022D78E090034A505 /* Paragraphs.swift */ = {isa = PBXFileReference; fileEncoding = 4; lastKnownFileType = sourcecode.swift; path = Paragraphs.swift; sourceTree = "<group>"; };
		1063702122D78E090034A505 /* SourceCodeTheme.swift */ = {isa = PBXFileReference; fileEncoding = 4; lastKnownFileType = sourcecode.swift; path = SourceCodeTheme.swift; sourceTree = "<group>"; };
		1063702222D78E090034A505 /* SourceCodeToken.swift */ = {isa = PBXFileReference; fileEncoding = 4; lastKnownFileType = sourcecode.swift; path = SourceCodeToken.swift; sourceTree = "<group>"; };
		1063702422D78E090034A505 /* DefaultSourceCodeTheme.swift */ = {isa = PBXFileReference; fileEncoding = 4; lastKnownFileType = sourcecode.swift; path = DefaultSourceCodeTheme.swift; sourceTree = "<group>"; };
		1063703C22D794220034A505 /* NetworkExtension.framework */ = {isa = PBXFileReference; lastKnownFileType = wrapper.framework; name = NetworkExtension.framework; path = System/Library/Frameworks/NetworkExtension.framework; sourceTree = SDKROOT; };
		1063704222D9E25D0034A505 /* ConstraintArrayDSL.swift */ = {isa = PBXFileReference; fileEncoding = 4; lastKnownFileType = sourcecode.swift; path = ConstraintArrayDSL.swift; sourceTree = "<group>"; };
		1063704A22DA36FA0034A505 /* Note.md */ = {isa = PBXFileReference; lastKnownFileType = net.daringfireball.markdown; path = Note.md; sourceTree = "<group>"; };
		1063704C22DA3D660034A505 /* NSUserNotification+Exts.swift */ = {isa = PBXFileReference; lastKnownFileType = sourcecode.swift; path = "NSUserNotification+Exts.swift"; sourceTree = "<group>"; };
		1063704F22DA412F0034A505 /* Command.swift */ = {isa = PBXFileReference; lastKnownFileType = sourcecode.swift; path = Command.swift; sourceTree = "<group>"; };
		1063705122DA442A0034A505 /* Process+Exts.swift */ = {isa = PBXFileReference; lastKnownFileType = sourcecode.swift; path = "Process+Exts.swift"; sourceTree = "<group>"; };
		1063705522DAE9600034A505 /* Git.swift */ = {isa = PBXFileReference; lastKnownFileType = sourcecode.swift; path = Git.swift; sourceTree = "<group>"; };
		1063705722DAE9680034A505 /* Cocoapods.swift */ = {isa = PBXFileReference; lastKnownFileType = sourcecode.swift; path = Cocoapods.swift; sourceTree = "<group>"; };
		1063705922DAEA520034A505 /* Xcode.swift */ = {isa = PBXFileReference; lastKnownFileType = sourcecode.swift; path = Xcode.swift; sourceTree = "<group>"; };
		1063705B22DAEC0D0034A505 /* Cartfile */ = {isa = PBXFileReference; lastKnownFileType = text; path = Cartfile; sourceTree = "<group>"; };
		1063705E22DB01AC0034A505 /* .gitignore */ = {isa = PBXFileReference; lastKnownFileType = text; path = .gitignore; sourceTree = "<group>"; };
		1063706122DB0ADF0034A505 /* Config.swift */ = {isa = PBXFileReference; lastKnownFileType = sourcecode.swift; path = Config.swift; sourceTree = "<group>"; };
		1081D717232CD6CA006A7358 /* NSLabel.swift */ = {isa = PBXFileReference; lastKnownFileType = sourcecode.swift; path = NSLabel.swift; sourceTree = "<group>"; };
		1081D719232CDA7C006A7358 /* TerminalTextView.swift */ = {isa = PBXFileReference; lastKnownFileType = sourcecode.swift; path = TerminalTextView.swift; sourceTree = "<group>"; };
		10E0226E22E31BBC00DE3433 /* bundle */ = {isa = PBXFileReference; lastKnownFileType = folder; name = bundle; path = Queen/bundle; sourceTree = "<group>"; };
		10E0227522E4137E00DE3433 /* NetworkConfig.swift */ = {isa = PBXFileReference; lastKnownFileType = sourcecode.swift; path = NetworkConfig.swift; sourceTree = "<group>"; };
		10E0227922E4194100DE3433 /* Login.storyboard */ = {isa = PBXFileReference; lastKnownFileType = file.storyboard; path = Login.storyboard; sourceTree = "<group>"; };
		10E0227C22E4765A00DE3433 /* YRKSpinningProgressIndicatorLayer.swift */ = {isa = PBXFileReference; fileEncoding = 4; lastKnownFileType = sourcecode.swift; path = YRKSpinningProgressIndicatorLayer.swift; sourceTree = "<group>"; };
		10E0227D22E4765A00DE3433 /* ProgressHUD.swift */ = {isa = PBXFileReference; fileEncoding = 4; lastKnownFileType = sourcecode.swift; path = ProgressHUD.swift; sourceTree = "<group>"; };
		10E0228422E89FA900DE3433 /* Models.swift */ = {isa = PBXFileReference; lastKnownFileType = sourcecode.swift; path = Models.swift; sourceTree = "<group>"; };
		10E0228622E8AD7D00DE3433 /* VerticallyCentered+TextFieldCell.swift */ = {isa = PBXFileReference; lastKnownFileType = sourcecode.swift; path = "VerticallyCentered+TextFieldCell.swift"; sourceTree = "<group>"; };
		10E0228822EB3E3500DE3433 /* Class_Association.md */ = {isa = PBXFileReference; lastKnownFileType = net.daringfireball.markdown; path = Class_Association.md; sourceTree = "<group>"; };
		10E0228E22EB3ED500DE3433 /* QueenTests.xctest */ = {isa = PBXFileReference; explicitFileType = wrapper.cfbundle; includeInIndex = 0; path = QueenTests.xctest; sourceTree = BUILT_PRODUCTS_DIR; };
		10E0229022EB3ED500DE3433 /* QueenTests.swift */ = {isa = PBXFileReference; lastKnownFileType = sourcecode.swift; path = QueenTests.swift; sourceTree = "<group>"; };
		10E0229222EB3ED500DE3433 /* Info.plist */ = {isa = PBXFileReference; lastKnownFileType = text.plist.xml; path = Info.plist; sourceTree = "<group>"; };
		10E0229822EB3F7400DE3433 /* NSApplication+Exts.swift */ = {isa = PBXFileReference; lastKnownFileType = sourcecode.swift; path = "NSApplication+Exts.swift"; sourceTree = "<group>"; };
		10E0229D22EB401800DE3433 /* Utils.swift */ = {isa = PBXFileReference; lastKnownFileType = sourcecode.swift; path = Utils.swift; sourceTree = "<group>"; };
		10E0229F22EB403200DE3433 /* Regex.swift */ = {isa = PBXFileReference; lastKnownFileType = sourcecode.swift; path = Regex.swift; sourceTree = "<group>"; };
		10E022A422EB41A700DE3433 /* LeanCloud+User.swift */ = {isa = PBXFileReference; lastKnownFileType = sourcecode.swift; path = "LeanCloud+User.swift"; sourceTree = "<group>"; };
		10FFF01022F5DA3A003D61C7 /* LeanCloud+Team.swift */ = {isa = PBXFileReference; lastKnownFileType = sourcecode.swift; path = "LeanCloud+Team.swift"; sourceTree = "<group>"; };
		10FFF01222F5E674003D61C7 /* LeanCloud+SpecSources.swift */ = {isa = PBXFileReference; lastKnownFileType = sourcecode.swift; path = "LeanCloud+SpecSources.swift"; sourceTree = "<group>"; };
		10FFF01422F5F038003D61C7 /* AppDelegate+ Environment.swift */ = {isa = PBXFileReference; lastKnownFileType = sourcecode.swift; path = "AppDelegate+ Environment.swift"; sourceTree = "<group>"; };
		10FFF01622F5F37D003D61C7 /* Path.swift */ = {isa = PBXFileReference; lastKnownFileType = sourcecode.swift; path = Path.swift; sourceTree = "<group>"; };
		10FFF01A22F6B9E6003D61C7 /* NSAlert+Exts.swift */ = {isa = PBXFileReference; lastKnownFileType = sourcecode.swift; path = "NSAlert+Exts.swift"; sourceTree = "<group>"; };
		10FFF01E22F72349003D61C7 /* Command+Pods.swift */ = {isa = PBXFileReference; lastKnownFileType = sourcecode.swift; path = "Command+Pods.swift"; sourceTree = "<group>"; };
		10FFF02022F863C3003D61C7 /* AppInfo.swift */ = {isa = PBXFileReference; lastKnownFileType = sourcecode.swift; path = AppInfo.swift; sourceTree = "<group>"; };
		10FFF02422FB047A003D61C7 /* Info.plist */ = {isa = PBXFileReference; fileEncoding = 4; lastKnownFileType = text.plist.xml; name = Info.plist; path = Queen/Info.plist; sourceTree = "<group>"; };
		24978B135F1AB0C8C8FFCB58 /* Pods-Queen.release.xcconfig */ = {isa = PBXFileReference; includeInIndex = 1; lastKnownFileType = text.xcconfig; name = "Pods-Queen.release.xcconfig"; path = "Pods/Target Support Files/Pods-Queen/Pods-Queen.release.xcconfig"; sourceTree = "<group>"; };
		32765BD05D8130AC383E25EE /* Pods-QueenTests.release.xcconfig */ = {isa = PBXFileReference; includeInIndex = 1; lastKnownFileType = text.xcconfig; name = "Pods-QueenTests.release.xcconfig"; path = "Pods/Target Support Files/Pods-QueenTests/Pods-QueenTests.release.xcconfig"; sourceTree = "<group>"; };
		42B826F55DF0058DFB2F9F9A /* Pods_QueenTests.framework */ = {isa = PBXFileReference; explicitFileType = wrapper.framework; includeInIndex = 0; path = Pods_QueenTests.framework; sourceTree = BUILT_PRODUCTS_DIR; };
		BDC1F5DFED97A25965BDAE51 /* Pods-Queen.debug.xcconfig */ = {isa = PBXFileReference; includeInIndex = 1; lastKnownFileType = text.xcconfig; name = "Pods-Queen.debug.xcconfig"; path = "Pods/Target Support Files/Pods-Queen/Pods-Queen.debug.xcconfig"; sourceTree = "<group>"; };
		CD88B27D84193590EF8382C9 /* Pods_Queen.framework */ = {isa = PBXFileReference; explicitFileType = wrapper.framework; includeInIndex = 0; path = Pods_Queen.framework; sourceTree = BUILT_PRODUCTS_DIR; };
/* End PBXFileReference section */

/* Begin PBXFrameworksBuildPhase section */
		10636F5122CFA2A70034A505 /* Frameworks */ = {
			isa = PBXFrameworksBuildPhase;
			buildActionMask = 2147483647;
			files = (
				CEE7A8F95A0081A52D9B66F1 /* Pods_Queen.framework in Frameworks */,
				1063703D22D794220034A505 /* NetworkExtension.framework in Frameworks */,
			);
			runOnlyForDeploymentPostprocessing = 0;
		};
		10E0228B22EB3ED500DE3433 /* Frameworks */ = {
			isa = PBXFrameworksBuildPhase;
			buildActionMask = 2147483647;
			files = (
				B3A6ADFF8CD78FE8BB8DE585 /* Pods_QueenTests.framework in Frameworks */,
			);
			runOnlyForDeploymentPostprocessing = 0;
		};
/* End PBXFrameworksBuildPhase section */

/* Begin PBXGroup section */
		0B0803A6D89ED92AC0A4AB21 /* Pods */ = {
			isa = PBXGroup;
			children = (
				BDC1F5DFED97A25965BDAE51 /* Pods-Queen.debug.xcconfig */,
				24978B135F1AB0C8C8FFCB58 /* Pods-Queen.release.xcconfig */,
				04E3755F5FA11A5500E8AF63 /* Pods-QueenTests.debug.xcconfig */,
				32765BD05D8130AC383E25EE /* Pods-QueenTests.release.xcconfig */,
			);
			name = Pods;
			sourceTree = "<group>";
		};
		1035222F22F1D6BE00C38178 /* Coordinator */ = {
			isa = PBXGroup;
			children = (
				1035223022F1DA9400C38178 /* PodSearchCoordinator.swift */,
				1035223222F1DB1D00C38178 /* PodAnalyzerCoordinator.swift */,
				1035223422F1DB6000C38178 /* PodPluginCoordinator.swift */,
				1035223622F1DC1F00C38178 /* PodRepoCoordinator.swift */,
				1035223822F5558200C38178 /* PodActionCoordinator.swift */,
				1035223A22F555A100C38178 /* XcodeActionCoordinator.swift */,
			);
			path = Coordinator;
			sourceTree = "<group>";
		};
		1035223C22F55B0500C38178 /* AppDelegate */ = {
			isa = PBXGroup;
			children = (
				1035223D22F55B0500C38178 /* AppDelegate.swift */,
				1035223F22F55B1B00C38178 /* AppDelegate+Basic.swift */,
				1035224122F55B3300C38178 /* Appdelegate+Notification.swift */,
				1035224322F55B9B00C38178 /* AppDelegate+Menu.swift */,
				1035224522F55BB900C38178 /* AppDelegate+Document.swift */,
				10FFF01422F5F038003D61C7 /* AppDelegate+ Environment.swift */,
			);
			path = AppDelegate;
			sourceTree = "<group>";
		};
		103B48D52389486000502B9E /* Classes */ = {
			isa = PBXGroup;
			children = (
				103B48D62389486000502B9E /* Preferences */,
				103B48D92389486000502B9E /* Welcome */,
				103B48E02389486000502B9E /* Main */,
				103B49142389486000502B9E /* Login */,
			);
			path = Classes;
			sourceTree = "<group>";
		};
		103B48D62389486000502B9E /* Preferences */ = {
			isa = PBXGroup;
			children = (
				103B48D72389486000502B9E /* PreferencesViewController.swift */,
				103B48D82389486000502B9E /* PreferencesWindowController.swift */,
			);
			path = Preferences;
			sourceTree = "<group>";
		};
		103B48D92389486000502B9E /* Welcome */ = {
			isa = PBXGroup;
			children = (
				103B48DA2389486000502B9E /* WelcomeWindowController.swift */,
				103B48DB2389486000502B9E /* WelcomeWorkspaceModel.swift */,
				103B48DC2389486000502B9E /* WelcomeViewController.swift */,
				103B48DD2389486000502B9E /* View */,
			);
			path = Welcome;
			sourceTree = "<group>";
		};
		103B48DD2389486000502B9E /* View */ = {
			isa = PBXGroup;
			children = (
				103B48DE2389486000502B9E /* WelcomeViewActionView.swift */,
				103B48DF2389486000502B9E /* WelcomeTableViewCell.swift */,
			);
			path = View;
			sourceTree = "<group>";
		};
		103B48E02389486000502B9E /* Main */ = {
			isa = PBXGroup;
			children = (
				103B48E32389486000502B9E /* MainWindowController.swift */,
				103B48EB2389486000502B9E /* MainViewController.swift */,
				103B49082389486000502B9E /* MenuViewController.swift */,
				103B48E12389486000502B9E /* Documentation */,
				103B48E42389486000502B9E /* Config */,
				103B48E62389486000502B9E /* CI */,
				103B48EC2389486000502B9E /* Manager */,
				103B48FE2389486000502B9E /* Administrator */,
				103B49092389486000502B9E /* BuriedPoint */,
				103B490F2389486000502B9E /* Building */,
			);
			path = Main;
			sourceTree = "<group>";
		};
		103B48E12389486000502B9E /* Documentation */ = {
			isa = PBXGroup;
			children = (
				103B48E22389486000502B9E /* DocumentationViewController.swift */,
			);
			path = Documentation;
			sourceTree = "<group>";
		};
		103B48E42389486000502B9E /* Config */ = {
			isa = PBXGroup;
			children = (
				103B48E52389486000502B9E /* ConfigViewController.swift */,
			);
			path = Config;
			sourceTree = "<group>";
		};
		103B48E62389486000502B9E /* CI */ = {
			isa = PBXGroup;
			children = (
				103B48E72389486000502B9E /* View */,
				103B48E92389486000502B9E /* CIManagerViewController.swift */,
				103B48EA2389486000502B9E /* CIStatusViewController.swift */,
			);
			path = CI;
			sourceTree = "<group>";
		};
		103B48E72389486000502B9E /* View */ = {
			isa = PBXGroup;
			children = (
				103B48E82389486000502B9E /* CIManagerViewCell.swift */,
			);
			path = View;
			sourceTree = "<group>";
		};
		103B48EC2389486000502B9E /* Manager */ = {
			isa = PBXGroup;
			children = (
				103B48ED2389486000502B9E /* PodContactViewController.swift */,
				103B48EE2389486000502B9E /* VersionEditViewController.swift */,
				103B48EF2389486000502B9E /* PodMessageViewController.swift */,
				103B48F02389486000502B9E /* Models */,
				103B48F22389486000502B9E /* ManagerViewController.swift */,
				103B48F32389486000502B9E /* VersionEditWindowController.swift */,
				103B48F52389486000502B9E /* View */,
				103B48FD2389486000502B9E /* TerminalViewConstroller.swift */,
			);
			path = Manager;
			sourceTree = "<group>";
		};
		103B48F02389486000502B9E /* Models */ = {
			isa = PBXGroup;
			children = (
				103B48F12389486000502B9E /* ComponentModel.swift */,
			);
			path = Models;
			sourceTree = "<group>";
		};
		103B48F52389486000502B9E /* View */ = {
			isa = PBXGroup;
			children = (
				103B48F62389486000502B9E /* TerminalPopUpButton.swift */,
				103B48F72389486000502B9E /* NameTableViewCell.swift */,
				103B48F82389486000502B9E /* MainContentTopMenuView.swift */,
				103B48F92389486000502B9E /* MenuTableViewCell.swift */,
				103B48FA2389486000502B9E /* TerminalView.swift */,
				103B48FB2389486000502B9E /* TerminalButtomToolView.swift */,
				103B48FC2389486000502B9E /* ButtonTableViewCell.swift */,
			);
			path = View;
			sourceTree = "<group>";
		};
		103B48FE2389486000502B9E /* Administrator */ = {
			isa = PBXGroup;
			children = (
				103B48FF2389486000502B9E /* AdministratorViewController.swift */,
				103B49002389486000502B9E /* View */,
				103B49042389486000502B9E /* Children */,
			);
			path = Administrator;
			sourceTree = "<group>";
		};
		103B49002389486000502B9E /* View */ = {
			isa = PBXGroup;
			children = (
				103B49012389486000502B9E /* AdministratorMenuView.swift */,
				103B49022389486000502B9E /* AdministratorMenuCell.swift */,
				103B49032389486000502B9E /* ContentContainterView.swift */,
			);
			path = View;
			sourceTree = "<group>";
		};
		103B49042389486000502B9E /* Children */ = {
			isa = PBXGroup;
			children = (
				103B49052389486000502B9E /* AdminUserManagerController.swift */,
				103B49062389486000502B9E /* AdminSpecManagerController.swift */,
				103B49072389486000502B9E /* AdminTeamManagerController.swift */,
			);
			path = Children;
			sourceTree = "<group>";
		};
		103B49092389486000502B9E /* BuriedPoint */ = {
			isa = PBXGroup;
			children = (
				103B490A2389486000502B9E /* BuriedPoint3DShowViewController.swift */,
				103B490B2389486000502B9E /* BuriedPointShowViewController.swift */,
				103B490C2389486000502B9E /* BuriedTreeViewController.swift */,
				103B490D2389486000502B9E /* BuriedPointEditViewController.swift */,
				103B490E2389486000502B9E /* BuriedPointViewController.swift */,
			);
			path = BuriedPoint;
			sourceTree = "<group>";
		};
		103B490F2389486000502B9E /* Building */ = {
			isa = PBXGroup;
			children = (
				103B49102389486000502B9E /* BuildingViewController.swift */,
				103B49112389486000502B9E /* View */,
				103B49132389486000502B9E /* BuildingTerminalManagerController.swift */,
			);
			path = Building;
			sourceTree = "<group>";
		};
		103B49112389486000502B9E /* View */ = {
			isa = PBXGroup;
			children = (
				103B49122389486000502B9E /* BuildingManagerCell.swift */,
			);
			path = View;
			sourceTree = "<group>";
		};
		103B49142389486000502B9E /* Login */ = {
			isa = PBXGroup;
			children = (
				103B49152389486000502B9E /* LoginWindowController.swift */,
				103B49162389486000502B9E /* LoginViewController.swift */,
				103B49172389486000502B9E /* IconImageView.swift */,
			);
			path = Login;
			sourceTree = "<group>";
		};
		103B49482389489600502B9E /* Common */ = {
			isa = PBXGroup;
			children = (
				103B49492389489600502B9E /* Window */,
				103B494C2389489600502B9E /* View */,
			);
			path = Common;
			sourceTree = "<group>";
		};
		103B49492389489600502B9E /* Window */ = {
			isa = PBXGroup;
			children = (
				103B494A2389489600502B9E /* KeyWindow.swift */,
				103B494B2389489600502B9E /* CornerRadiusWindow.swift */,
			);
			path = Window;
			sourceTree = "<group>";
		};
		103B494C2389489600502B9E /* View */ = {
			isa = PBXGroup;
			children = (
				103B494D2389489600502B9E /* MouseEnterOrExitView.swift */,
				103B494E2389489600502B9E /* ContainerView.swift */,
			);
			path = View;
			sourceTree = "<group>";
		};
		103B4953238948D100502B9E /* LeanCloud */ = {
			isa = PBXGroup;
			children = (
				103B4954238948D100502B9E /* EntitysDataManager.swift */,
				103B4955238948D100502B9E /* Entitys.swift */,
			);
			path = LeanCloud;
			sourceTree = "<group>";
		};
		10636F4B22CFA2A70034A505 = {
			isa = PBXGroup;
			children = (
				10E0228822EB3E3500DE3433 /* Class_Association.md */,
				10E0226E22E31BBC00DE3433 /* bundle */,
				1063705E22DB01AC0034A505 /* .gitignore */,
				1063705B22DAEC0D0034A505 /* Cartfile */,
				1063704A22DA36FA0034A505 /* Note.md */,
				10636F5622CFA2A70034A505 /* Queen */,
				10FFF02422FB047A003D61C7 /* Info.plist */,
				10E0228F22EB3ED500DE3433 /* QueenTests */,
				10636F5522CFA2A70034A505 /* Products */,
				0B0803A6D89ED92AC0A4AB21 /* Pods */,
				CE1E0D15174E500A37C029D4 /* Frameworks */,
			);
			sourceTree = "<group>";
		};
		10636F5522CFA2A70034A505 /* Products */ = {
			isa = PBXGroup;
			children = (
				10636F5422CFA2A70034A505 /* Queen.app */,
				10E0228E22EB3ED500DE3433 /* QueenTests.xctest */,
			);
			name = Products;
			sourceTree = "<group>";
		};
		10636F5622CFA2A70034A505 /* Queen */ = {
			isa = PBXGroup;
			children = (
				103B4953238948D100502B9E /* LeanCloud */,
				103B49482389489600502B9E /* Common */,
				103B48D52389486000502B9E /* Classes */,
				1081D716232CD6AC006A7358 /* Widget */,
				1063706022DB0AD50034A505 /* Config */,
				1063704E22DA40DD0034A505 /* Core */,
				10636FB722D4D08C0034A505 /* Storyboard */,
				10636F9922D4D01D0034A505 /* Other */,
				10636F7B22CFA5280034A505 /* Extensions */,
				10636F6922CFA3380034A505 /* Documents */,
				1035223C22F55B0500C38178 /* AppDelegate */,
			);
			path = Queen;
			sourceTree = "<group>";
		};
		10636F6922CFA3380034A505 /* Documents */ = {
			isa = PBXGroup;
			children = (
				10636F6D22CFA34A0034A505 /* Document.swift */,
				1023EB6022DDFB140067E402 /* DocumentController.swift */,
			);
			path = Documents;
			sourceTree = "<group>";
		};
		10636F7B22CFA5280034A505 /* Extensions */ = {
			isa = PBXGroup;
			children = (
				1063704222D9E25D0034A505 /* ConstraintArrayDSL.swift */,
				10636F7C22CFA5460034A505 /* NSColor+Exts.swift */,
				10636F7E22D084BF0034A505 /* NSStoryboard+Exts.swift */,
				10636F8622D0A0860034A505 /* NSView+Exts.swift */,
				10636FD122D4E98B0034A505 /* NSScrollView+Exts.swift */,
				1063704C22DA3D660034A505 /* NSUserNotification+Exts.swift */,
				1063705122DA442A0034A505 /* Process+Exts.swift */,
				1023EB5E22DDFADD0067E402 /* Dictionary+Exts.swift */,
				1023EB7722E2BFD10067E402 /* UserInterfaction+NSView.swift */,
				10E0228622E8AD7D00DE3433 /* VerticallyCentered+TextFieldCell.swift */,
				10E0229822EB3F7400DE3433 /* NSApplication+Exts.swift */,
				10FFF01A22F6B9E6003D61C7 /* NSAlert+Exts.swift */,
				1081D719232CDA7C006A7358 /* TerminalTextView.swift */,
			);
			path = Extensions;
			sourceTree = "<group>";
		};
		10636F9922D4D01D0034A505 /* Other */ = {
			isa = PBXGroup;
			children = (
				10E0229C22EB401100DE3433 /* Utils */,
				10E0228222E89F6B00DE3433 /* MindMapping */,
				10E0227B22E4765A00DE3433 /* ProgressHUD */,
				1063700822D78E090034A505 /* Sources */,
				10636F6322CFA2A80034A505 /* Queen.entitlements */,
				10636F5D22CFA2A80034A505 /* Assets.xcassets */,
				10636F5F22CFA2A80034A505 /* Main.storyboard */,
			);
			path = Other;
			sourceTree = "<group>";
		};
		10636FB722D4D08C0034A505 /* Storyboard */ = {
			isa = PBXGroup;
			children = (
				10636FB822D4D08C0034A505 /* MainUI.storyboard */,
				10E0227922E4194100DE3433 /* Login.storyboard */,
				1035224722F566FD00C38178 /* Welcome.storyboard */,
			);
			path = Storyboard;
			sourceTree = "<group>";
		};
		1063700822D78E090034A505 /* Sources */ = {
			isa = PBXGroup;
			children = (
				1063700922D78E090034A505 /* SourceCodeRegexLexer.swift */,
				1063700A22D78E090034A505 /* Util */,
				1063700F22D78E090034A505 /* Languages */,
				1063701222D78E090034A505 /* ASTVisualizer.swift */,
				1063701322D78E090034A505 /* Model */,
				1063701922D78E090034A505 /* View */,
				1063702122D78E090034A505 /* SourceCodeTheme.swift */,
				1063702222D78E090034A505 /* SourceCodeToken.swift */,
				1063702322D78E090034A505 /* Themes */,
			);
			path = Sources;
			sourceTree = "<group>";
		};
		1063700A22D78E090034A505 /* Util */ = {
			isa = PBXGroup;
			children = (
				1063700B22D78E090034A505 /* String+Range.swift */,
				1063700C22D78E090034A505 /* NSTextView+UIKit.swift */,
				1063700D22D78E090034A505 /* Types.swift */,
				1063700E22D78E090034A505 /* NSMutableAttributedString+Tokens.swift */,
			);
			path = Util;
			sourceTree = "<group>";
		};
		1063700F22D78E090034A505 /* Languages */ = {
			isa = PBXGroup;
			children = (
				1063701022D78E090034A505 /* Python3Lexer.swift */,
				1063701122D78E090034A505 /* SwiftLexer.swift */,
			);
			path = Languages;
			sourceTree = "<group>";
		};
		1063701322D78E090034A505 /* Model */ = {
			isa = PBXGroup;
			children = (
				1063701422D78E090034A505 /* Lexer.swift */,
				1063701522D78E090034A505 /* Paragraph.swift */,
				1063701622D78E090034A505 /* SyntaxColorTheme.swift */,
				1063701722D78E090034A505 /* Token.swift */,
				1063701822D78E090034A505 /* RegexLexer.swift */,
			);
			path = Model;
			sourceTree = "<group>";
		};
		1063701922D78E090034A505 /* View */ = {
			isa = PBXGroup;
			children = (
				1063701A22D78E090034A505 /* SyntaxTextView.swift */,
				1063701B22D78E090034A505 /* SyntaxTextView+TextViewDelegate.swift */,
				1063701C22D78E090034A505 /* InnerTextView.swift */,
				1063701D22D78E090034A505 /* TextViewWrapperView.swift */,
				1063701E22D78E090034A505 /* LineNumberLayoutManager.swift */,
				1063701F22D78E090034A505 /* SyntaxTextViewLayoutManager.swift */,
				1063702022D78E090034A505 /* Paragraphs.swift */,
			);
			path = View;
			sourceTree = "<group>";
		};
		1063702322D78E090034A505 /* Themes */ = {
			isa = PBXGroup;
			children = (
				1063702422D78E090034A505 /* DefaultSourceCodeTheme.swift */,
			);
			path = Themes;
			sourceTree = "<group>";
		};
		1063704E22DA40DD0034A505 /* Core */ = {
			isa = PBXGroup;
			children = (
				1035222F22F1D6BE00C38178 /* Coordinator */,
				1063704F22DA412F0034A505 /* Command.swift */,
				1063705522DAE9600034A505 /* Git.swift */,
				1063705722DAE9680034A505 /* Cocoapods.swift */,
				1063705922DAEA520034A505 /* Xcode.swift */,
				1036287822DB126200D7FA2D /* Carthage.swift */,
				1036287A22DB13AC00D7FA2D /* Open.swift */,
				1023EB6622DE00120067E402 /* WorkspaceManager.swift */,
				1023EB7922E2D2410067E402 /* CommandLine.swift */,
				10FFF01622F5F37D003D61C7 /* Path.swift */,
			);
			path = Core;
			sourceTree = "<group>";
		};
		1063706022DB0AD50034A505 /* Config */ = {
			isa = PBXGroup;
			children = (
				1063706122DB0ADF0034A505 /* Config.swift */,
				1023EB5822DDF2A60067E402 /* DefaultSettings.swift */,
				1023EB6822DE07D10067E402 /* DocumentType.swift */,
				10E0227522E4137E00DE3433 /* NetworkConfig.swift */,
				10FFF02022F863C3003D61C7 /* AppInfo.swift */,
			);
			path = Config;
			sourceTree = "<group>";
		};
		1081D716232CD6AC006A7358 /* Widget */ = {
			isa = PBXGroup;
			children = (
				1081D717232CD6CA006A7358 /* NSLabel.swift */,
			);
			path = Widget;
			sourceTree = "<group>";
		};
		10E0227B22E4765A00DE3433 /* ProgressHUD */ = {
			isa = PBXGroup;
			children = (
				10E0227C22E4765A00DE3433 /* YRKSpinningProgressIndicatorLayer.swift */,
				10E0227D22E4765A00DE3433 /* ProgressHUD.swift */,
			);
			path = ProgressHUD;
			sourceTree = "<group>";
		};
		10E0228222E89F6B00DE3433 /* MindMapping */ = {
			isa = PBXGroup;
			children = (
				10E0228322E89F7400DE3433 /* Model */,
			);
			path = MindMapping;
			sourceTree = "<group>";
		};
		10E0228322E89F7400DE3433 /* Model */ = {
			isa = PBXGroup;
			children = (
				10E0228422E89FA900DE3433 /* Models.swift */,
			);
			path = Model;
			sourceTree = "<group>";
		};
		10E0228F22EB3ED500DE3433 /* QueenTests */ = {
			isa = PBXGroup;
			children = (
				10E0229022EB3ED500DE3433 /* QueenTests.swift */,
				10E0229222EB3ED500DE3433 /* Info.plist */,
				10E022A422EB41A700DE3433 /* LeanCloud+User.swift */,
				10FFF01022F5DA3A003D61C7 /* LeanCloud+Team.swift */,
				10FFF01222F5E674003D61C7 /* LeanCloud+SpecSources.swift */,
				10FFF01E22F72349003D61C7 /* Command+Pods.swift */,
			);
			path = QueenTests;
			sourceTree = "<group>";
		};
		10E0229C22EB401100DE3433 /* Utils */ = {
			isa = PBXGroup;
			children = (
				10E0229D22EB401800DE3433 /* Utils.swift */,
				10E0229F22EB403200DE3433 /* Regex.swift */,
			);
			path = Utils;
			sourceTree = "<group>";
		};
		CE1E0D15174E500A37C029D4 /* Frameworks */ = {
			isa = PBXGroup;
			children = (
				1063703C22D794220034A505 /* NetworkExtension.framework */,
				CD88B27D84193590EF8382C9 /* Pods_Queen.framework */,
				42B826F55DF0058DFB2F9F9A /* Pods_QueenTests.framework */,
			);
			name = Frameworks;
			sourceTree = "<group>";
		};
/* End PBXGroup section */

/* Begin PBXNativeTarget section */
		10636F5322CFA2A70034A505 /* Queen */ = {
			isa = PBXNativeTarget;
			buildConfigurationList = 10636F6622CFA2A80034A505 /* Build configuration list for PBXNativeTarget "Queen" */;
			buildPhases = (
				5B0E24E11EC52507914AD00A /* [CP] Check Pods Manifest.lock */,
				10636F5022CFA2A70034A505 /* Sources */,
				10636F5122CFA2A70034A505 /* Frameworks */,
				10636F5222CFA2A70034A505 /* Resources */,
				FD31B5E12748DBB6E198F106 /* [CP] Embed Pods Frameworks */,
				1063705D22DAECEA0034A505 /* ShellScript */,
			);
			buildRules = (
			);
			dependencies = (
			);
			name = Queen;
			productName = Queen;
			productReference = 10636F5422CFA2A70034A505 /* Queen.app */;
			productType = "com.apple.product-type.application";
		};
		10E0228D22EB3ED500DE3433 /* QueenTests */ = {
			isa = PBXNativeTarget;
			buildConfigurationList = 10E0229522EB3ED500DE3433 /* Build configuration list for PBXNativeTarget "QueenTests" */;
			buildPhases = (
				B1492E209F43DD88B18C1499 /* [CP] Check Pods Manifest.lock */,
				10E0228A22EB3ED500DE3433 /* Sources */,
				10E0228B22EB3ED500DE3433 /* Frameworks */,
				10E0228C22EB3ED500DE3433 /* Resources */,
			);
			buildRules = (
			);
			dependencies = (
				10E0229422EB3ED500DE3433 /* PBXTargetDependency */,
			);
			name = QueenTests;
			productName = QueenTests;
			productReference = 10E0228E22EB3ED500DE3433 /* QueenTests.xctest */;
			productType = "com.apple.product-type.bundle.unit-test";
		};
/* End PBXNativeTarget section */

/* Begin PBXProject section */
		10636F4C22CFA2A70034A505 /* Project object */ = {
			isa = PBXProject;
			attributes = {
				DefaultBuildSystemTypeForWorkspace = Original;
				LastSwiftUpdateCheck = 1020;
				LastUpgradeCheck = 1020;
				ORGANIZATIONNAME = "聂子";
				TargetAttributes = {
					10636F5322CFA2A70034A505 = {
						CreatedOnToolsVersion = 10.2.1;
						SystemCapabilities = {
							com.apple.ApplicationGroups.Mac = {
								enabled = 0;
							};
							com.apple.NetworkExtensions = {
								enabled = 1;
							};
							com.apple.Sandbox = {
								enabled = 0;
							};
						};
					};
					10E0228D22EB3ED500DE3433 = {
						CreatedOnToolsVersion = 10.2.1;
						TestTargetID = 10636F5322CFA2A70034A505;
					};
				};
			};
			buildConfigurationList = 10636F4F22CFA2A70034A505 /* Build configuration list for PBXProject "Queen" */;
			compatibilityVersion = "Xcode 9.3";
			developmentRegion = en;
			hasScannedForEncodings = 0;
			knownRegions = (
				en,
				Base,
			);
			mainGroup = 10636F4B22CFA2A70034A505;
			productRefGroup = 10636F5522CFA2A70034A505 /* Products */;
			projectDirPath = "";
			projectRoot = "";
			targets = (
				10636F5322CFA2A70034A505 /* Queen */,
				10E0228D22EB3ED500DE3433 /* QueenTests */,
			);
		};
/* End PBXProject section */

/* Begin PBXResourcesBuildPhase section */
		10636F5222CFA2A70034A505 /* Resources */ = {
			isa = PBXResourcesBuildPhase;
			buildActionMask = 2147483647;
			files = (
				10E0226F22E31BBC00DE3433 /* bundle in Resources */,
				1063705C22DAEC0D0034A505 /* Cartfile in Resources */,
				1063705F22DB01AC0034A505 /* .gitignore in Resources */,
				1063704B22DA36FA0034A505 /* Note.md in Resources */,
				10636F5E22CFA2A80034A505 /* Assets.xcassets in Resources */,
				10E0228922EB3E3500DE3433 /* Class_Association.md in Resources */,
				10636F6122CFA2A80034A505 /* Main.storyboard in Resources */,
				1035224822F566FD00C38178 /* Welcome.storyboard in Resources */,
				10FFF02522FB047A003D61C7 /* Info.plist in Resources */,
				10636FC622D4D08C0034A505 /* MainUI.storyboard in Resources */,
				10E0227A22E4194100DE3433 /* Login.storyboard in Resources */,
			);
			runOnlyForDeploymentPostprocessing = 0;
		};
		10E0228C22EB3ED500DE3433 /* Resources */ = {
			isa = PBXResourcesBuildPhase;
			buildActionMask = 2147483647;
			files = (
			);
			runOnlyForDeploymentPostprocessing = 0;
		};
/* End PBXResourcesBuildPhase section */

/* Begin PBXShellScriptBuildPhase section */
		1063705D22DAECEA0034A505 /* ShellScript */ = {
			isa = PBXShellScriptBuildPhase;
			buildActionMask = 2147483647;
			files = (
			);
			inputFileListPaths = (
			);
			inputPaths = (
			);
			outputFileListPaths = (
			);
			outputPaths = (
			);
			runOnlyForDeploymentPostprocessing = 0;
			shellPath = /bin/sh;
			shellScript = "# Type a script or drag a script file from your workspace to insert its path.\n/usr/local/bin/Carthage copy-frameworks\n";
		};
		5B0E24E11EC52507914AD00A /* [CP] Check Pods Manifest.lock */ = {
			isa = PBXShellScriptBuildPhase;
			buildActionMask = 2147483647;
			files = (
			);
			inputFileListPaths = (
			);
			inputPaths = (
				"${PODS_PODFILE_DIR_PATH}/Podfile.lock",
				"${PODS_ROOT}/Manifest.lock",
			);
			name = "[CP] Check Pods Manifest.lock";
			outputFileListPaths = (
			);
			outputPaths = (
				"$(DERIVED_FILE_DIR)/Pods-Queen-checkManifestLockResult.txt",
			);
			runOnlyForDeploymentPostprocessing = 0;
			shellPath = /bin/sh;
			shellScript = "diff \"${PODS_PODFILE_DIR_PATH}/Podfile.lock\" \"${PODS_ROOT}/Manifest.lock\" > /dev/null\nif [ $? != 0 ] ; then\n    # print error to STDERR\n    echo \"error: The sandbox is not in sync with the Podfile.lock. Run 'pod install' or update your CocoaPods installation.\" >&2\n    exit 1\nfi\n# This output is used by Xcode 'outputs' to avoid re-running this script phase.\necho \"SUCCESS\" > \"${SCRIPT_OUTPUT_FILE_0}\"\n";
			showEnvVarsInLog = 0;
		};
		B1492E209F43DD88B18C1499 /* [CP] Check Pods Manifest.lock */ = {
			isa = PBXShellScriptBuildPhase;
			buildActionMask = 2147483647;
			files = (
			);
			inputFileListPaths = (
			);
			inputPaths = (
				"${PODS_PODFILE_DIR_PATH}/Podfile.lock",
				"${PODS_ROOT}/Manifest.lock",
			);
			name = "[CP] Check Pods Manifest.lock";
			outputFileListPaths = (
			);
			outputPaths = (
				"$(DERIVED_FILE_DIR)/Pods-QueenTests-checkManifestLockResult.txt",
			);
			runOnlyForDeploymentPostprocessing = 0;
			shellPath = /bin/sh;
			shellScript = "diff \"${PODS_PODFILE_DIR_PATH}/Podfile.lock\" \"${PODS_ROOT}/Manifest.lock\" > /dev/null\nif [ $? != 0 ] ; then\n    # print error to STDERR\n    echo \"error: The sandbox is not in sync with the Podfile.lock. Run 'pod install' or update your CocoaPods installation.\" >&2\n    exit 1\nfi\n# This output is used by Xcode 'outputs' to avoid re-running this script phase.\necho \"SUCCESS\" > \"${SCRIPT_OUTPUT_FILE_0}\"\n";
			showEnvVarsInLog = 0;
		};
		FD31B5E12748DBB6E198F106 /* [CP] Embed Pods Frameworks */ = {
			isa = PBXShellScriptBuildPhase;
			buildActionMask = 2147483647;
			files = (
			);
			inputFileListPaths = (
				"${PODS_ROOT}/Target Support Files/Pods-Queen/Pods-Queen-frameworks-${CONFIGURATION}-input-files.xcfilelist",
			);
			name = "[CP] Embed Pods Frameworks";
			outputFileListPaths = (
				"${PODS_ROOT}/Target Support Files/Pods-Queen/Pods-Queen-frameworks-${CONFIGURATION}-output-files.xcfilelist",
			);
			runOnlyForDeploymentPostprocessing = 0;
			shellPath = /bin/sh;
			shellScript = "\"${PODS_ROOT}/Target Support Files/Pods-Queen/Pods-Queen-frameworks.sh\"\n";
			showEnvVarsInLog = 0;
		};
/* End PBXShellScriptBuildPhase section */

/* Begin PBXSourcesBuildPhase section */
		10636F5022CFA2A70034A505 /* Sources */ = {
			isa = PBXSourcesBuildPhase;
			buildActionMask = 2147483647;
			files = (
				103B491B2389486100502B9E /* WelcomeWorkspaceModel.swift in Sources */,
				1063703722D78E090034A505 /* SyntaxTextViewLayoutManager.swift in Sources */,
				1063702C22D78E090034A505 /* ASTVisualizer.swift in Sources */,
				103B49272389486100502B9E /* VersionEditViewController.swift in Sources */,
				103B49312389486100502B9E /* TerminalView.swift in Sources */,
				10636FD222D4E98B0034A505 /* NSScrollView+Exts.swift in Sources */,
				103B49232389486100502B9E /* CIManagerViewController.swift in Sources */,
				1063703522D78E090034A505 /* TextViewWrapperView.swift in Sources */,
				1023EB5F22DDFADD0067E402 /* Dictionary+Exts.swift in Sources */,
				103B49242389486100502B9E /* CIStatusViewController.swift in Sources */,
				103B491C2389486100502B9E /* WelcomeViewController.swift in Sources */,
				1063702622D78E090034A505 /* String+Range.swift in Sources */,
				103B4957238948D100502B9E /* Entitys.swift in Sources */,
				103B49192389486100502B9E /* PreferencesWindowController.swift in Sources */,
				103B492F2389486100502B9E /* MainContentTopMenuView.swift in Sources */,
				103B492A2389486100502B9E /* ManagerViewController.swift in Sources */,
				103B4956238948D100502B9E /* EntitysDataManager.swift in Sources */,
				103B493C2389486100502B9E /* MenuViewController.swift in Sources */,
				103B49342389486100502B9E /* TerminalViewConstroller.swift in Sources */,
				1035224622F55BB900C38178 /* AppDelegate+Document.swift in Sources */,
				1063703B22D78E090034A505 /* DefaultSourceCodeTheme.swift in Sources */,
				1035223522F1DB6000C38178 /* PodPluginCoordinator.swift in Sources */,
				10636F7F22D084BF0034A505 /* NSStoryboard+Exts.swift in Sources */,
				1063705822DAE9680034A505 /* Cocoapods.swift in Sources */,
				1063705222DA442A0034A505 /* Process+Exts.swift in Sources */,
				103B49452389486100502B9E /* LoginWindowController.swift in Sources */,
				10FFF01522F5F038003D61C7 /* AppDelegate+ Environment.swift in Sources */,
				103B49442389486100502B9E /* BuildingTerminalManagerController.swift in Sources */,
				103B49522389489600502B9E /* ContainerView.swift in Sources */,
				1035224222F55B3300C38178 /* Appdelegate+Notification.swift in Sources */,
				103B49402389486100502B9E /* BuriedPointEditViewController.swift in Sources */,
				103B49352389486100502B9E /* AdministratorViewController.swift in Sources */,
				10E0227E22E4765A00DE3433 /* YRKSpinningProgressIndicatorLayer.swift in Sources */,
				103B493F2389486100502B9E /* BuriedTreeViewController.swift in Sources */,
				103B492B2389486100502B9E /* VersionEditWindowController.swift in Sources */,
				1063703422D78E090034A505 /* InnerTextView.swift in Sources */,
				103B49392389486100502B9E /* AdminUserManagerController.swift in Sources */,
				1023EB6922DE07D10067E402 /* DocumentType.swift in Sources */,
				10636F8722D0A0860034A505 /* NSView+Exts.swift in Sources */,
				103B491F2389486100502B9E /* DocumentationViewController.swift in Sources */,
				1063702F22D78E090034A505 /* SyntaxColorTheme.swift in Sources */,
				10E0227622E4137E00DE3433 /* NetworkConfig.swift in Sources */,
				103B491A2389486100502B9E /* WelcomeWindowController.swift in Sources */,
				1023EB5922DDF2A60067E402 /* DefaultSettings.swift in Sources */,
				103B49332389486100502B9E /* ButtonTableViewCell.swift in Sources */,
				1063703622D78E090034A505 /* LineNumberLayoutManager.swift in Sources */,
				1035223B22F555A100C38178 /* XcodeActionCoordinator.swift in Sources */,
				10E0228722E8AD7D00DE3433 /* VerticallyCentered+TextFieldCell.swift in Sources */,
				103B493A2389486100502B9E /* AdminSpecManagerController.swift in Sources */,
				103B494F2389489600502B9E /* KeyWindow.swift in Sources */,
				103B49382389486100502B9E /* ContentContainterView.swift in Sources */,
				103B49362389486100502B9E /* AdministratorMenuView.swift in Sources */,
				10636F7D22CFA5460034A505 /* NSColor+Exts.swift in Sources */,
				10636F6E22CFA34A0034A505 /* Document.swift in Sources */,
				1063704D22DA3D660034A505 /* NSUserNotification+Exts.swift in Sources */,
				1063702E22D78E090034A505 /* Paragraph.swift in Sources */,
				1063704322D9E25D0034A505 /* ConstraintArrayDSL.swift in Sources */,
				103B49432389486100502B9E /* BuildingManagerCell.swift in Sources */,
				1063703822D78E090034A505 /* Paragraphs.swift in Sources */,
				10E022A022EB403200DE3433 /* Regex.swift in Sources */,
				1036287922DB126200D7FA2D /* Carthage.swift in Sources */,
				1063703122D78E090034A505 /* RegexLexer.swift in Sources */,
				1023EB7A22E2D2410067E402 /* CommandLine.swift in Sources */,
				1063702A22D78E090034A505 /* Python3Lexer.swift in Sources */,
				103B49512389489600502B9E /* MouseEnterOrExitView.swift in Sources */,
				1035224022F55B1B00C38178 /* AppDelegate+Basic.swift in Sources */,
				1023EB6722DE00120067E402 /* WorkspaceManager.swift in Sources */,
				103B49462389486100502B9E /* LoginViewController.swift in Sources */,
				1063706222DB0ADF0034A505 /* Config.swift in Sources */,
				1063702D22D78E090034A505 /* Lexer.swift in Sources */,
				103B493D2389486100502B9E /* BuriedPoint3DShowViewController.swift in Sources */,
				10E0229E22EB401800DE3433 /* Utils.swift in Sources */,
				103B49422389486100502B9E /* BuildingViewController.swift in Sources */,
				1035223E22F55B0500C38178 /* AppDelegate.swift in Sources */,
				1063702B22D78E090034A505 /* SwiftLexer.swift in Sources */,
				103B49202389486100502B9E /* MainWindowController.swift in Sources */,
				103B49182389486100502B9E /* PreferencesViewController.swift in Sources */,
				1063705022DA412F0034A505 /* Command.swift in Sources */,
				1081D718232CD6CA006A7358 /* NSLabel.swift in Sources */,
				103B49502389489600502B9E /* CornerRadiusWindow.swift in Sources */,
				103B49282389486100502B9E /* PodMessageViewController.swift in Sources */,
				103B49222389486100502B9E /* CIManagerViewCell.swift in Sources */,
				10FFF01722F5F37D003D61C7 /* Path.swift in Sources */,
				10E0229922EB3F7400DE3433 /* NSApplication+Exts.swift in Sources */,
				1063703322D78E090034A505 /* SyntaxTextView+TextViewDelegate.swift in Sources */,
				103B49292389486100502B9E /* ComponentModel.swift in Sources */,
				1035223322F1DB1D00C38178 /* PodAnalyzerCoordinator.swift in Sources */,
				10E0227F22E4765A00DE3433 /* ProgressHUD.swift in Sources */,
				10FFF01B22F6B9E6003D61C7 /* NSAlert+Exts.swift in Sources */,
				1063703022D78E090034A505 /* Token.swift in Sources */,
				103B49212389486100502B9E /* ConfigViewController.swift in Sources */,
				103B49302389486100502B9E /* MenuTableViewCell.swift in Sources */,
				1063703A22D78E090034A505 /* SourceCodeToken.swift in Sources */,
				103B49372389486100502B9E /* AdministratorMenuCell.swift in Sources */,
				103B49252389486100502B9E /* MainViewController.swift in Sources */,
				1035223722F1DC1F00C38178 /* PodRepoCoordinator.swift in Sources */,
				103B491D2389486100502B9E /* WelcomeViewActionView.swift in Sources */,
				10FFF02122F863C3003D61C7 /* AppInfo.swift in Sources */,
				103B49472389486100502B9E /* IconImageView.swift in Sources */,
				1063703222D78E090034A505 /* SyntaxTextView.swift in Sources */,
				103B491E2389486100502B9E /* WelcomeTableViewCell.swift in Sources */,
				10E0228522E89FA900DE3433 /* Models.swift in Sources */,
				1063702722D78E090034A505 /* NSTextView+UIKit.swift in Sources */,
				1035223922F5558200C38178 /* PodActionCoordinator.swift in Sources */,
				1023EB6122DDFB140067E402 /* DocumentController.swift in Sources */,
				1063702822D78E090034A505 /* Types.swift in Sources */,
				103B492D2389486100502B9E /* TerminalPopUpButton.swift in Sources */,
				103B493E2389486100502B9E /* BuriedPointShowViewController.swift in Sources */,
				1036287B22DB13AC00D7FA2D /* Open.swift in Sources */,
				1063702922D78E090034A505 /* NSMutableAttributedString+Tokens.swift in Sources */,
				1023EB7822E2BFD10067E402 /* UserInterfaction+NSView.swift in Sources */,
				103B492E2389486100502B9E /* NameTableViewCell.swift in Sources */,
				1063703922D78E090034A505 /* SourceCodeTheme.swift in Sources */,
				1035223122F1DA9400C38178 /* PodSearchCoordinator.swift in Sources */,
				103B49262389486100502B9E /* PodContactViewController.swift in Sources */,
				1063702522D78E090034A505 /* SourceCodeRegexLexer.swift in Sources */,
				1063705A22DAEA520034A505 /* Xcode.swift in Sources */,
				1081D71A232CDA7C006A7358 /* TerminalTextView.swift in Sources */,
				103B493B2389486100502B9E /* AdminTeamManagerController.swift in Sources */,
				103B49322389486100502B9E /* TerminalButtomToolView.swift in Sources */,
				1063705622DAE9600034A505 /* Git.swift in Sources */,
				103B49412389486100502B9E /* BuriedPointViewController.swift in Sources */,
				1035224422F55B9B00C38178 /* AppDelegate+Menu.swift in Sources */,
			);
			runOnlyForDeploymentPostprocessing = 0;
		};
		10E0228A22EB3ED500DE3433 /* Sources */ = {
			isa = PBXSourcesBuildPhase;
			buildActionMask = 2147483647;
			files = (
				10FFF01F22F72349003D61C7 /* Command+Pods.swift in Sources */,
				10FFF01122F5DA3A003D61C7 /* LeanCloud+Team.swift in Sources */,
				10E022A522EB41A700DE3433 /* LeanCloud+User.swift in Sources */,
				10E0229122EB3ED500DE3433 /* QueenTests.swift in Sources */,
				10FFF01322F5E674003D61C7 /* LeanCloud+SpecSources.swift in Sources */,
			);
			runOnlyForDeploymentPostprocessing = 0;
		};
/* End PBXSourcesBuildPhase section */

/* Begin PBXTargetDependency section */
		10E0229422EB3ED500DE3433 /* PBXTargetDependency */ = {
			isa = PBXTargetDependency;
			target = 10636F5322CFA2A70034A505 /* Queen */;
			targetProxy = 10E0229322EB3ED500DE3433 /* PBXContainerItemProxy */;
		};
/* End PBXTargetDependency section */

/* Begin PBXVariantGroup section */
		10636F5F22CFA2A80034A505 /* Main.storyboard */ = {
			isa = PBXVariantGroup;
			children = (
				10636F6022CFA2A80034A505 /* Base */,
			);
			name = Main.storyboard;
			sourceTree = "<group>";
		};
/* End PBXVariantGroup section */

/* Begin XCBuildConfiguration section */
		10636F6422CFA2A80034A505 /* Debug */ = {
			isa = XCBuildConfiguration;
			buildSettings = {
				ALWAYS_SEARCH_USER_PATHS = NO;
				CLANG_ANALYZER_NONNULL = YES;
				CLANG_ANALYZER_NUMBER_OBJECT_CONVERSION = YES_AGGRESSIVE;
				CLANG_CXX_LANGUAGE_STANDARD = "gnu++14";
				CLANG_CXX_LIBRARY = "libc++";
				CLANG_ENABLE_MODULES = YES;
				CLANG_ENABLE_OBJC_ARC = YES;
				CLANG_ENABLE_OBJC_WEAK = YES;
				CLANG_WARN_BLOCK_CAPTURE_AUTORELEASING = YES;
				CLANG_WARN_BOOL_CONVERSION = YES;
				CLANG_WARN_COMMA = YES;
				CLANG_WARN_CONSTANT_CONVERSION = YES;
				CLANG_WARN_DEPRECATED_OBJC_IMPLEMENTATIONS = YES;
				CLANG_WARN_DIRECT_OBJC_ISA_USAGE = YES_ERROR;
				CLANG_WARN_DOCUMENTATION_COMMENTS = YES;
				CLANG_WARN_EMPTY_BODY = YES;
				CLANG_WARN_ENUM_CONVERSION = YES;
				CLANG_WARN_INFINITE_RECURSION = YES;
				CLANG_WARN_INT_CONVERSION = YES;
				CLANG_WARN_NON_LITERAL_NULL_CONVERSION = YES;
				CLANG_WARN_OBJC_IMPLICIT_RETAIN_SELF = YES;
				CLANG_WARN_OBJC_LITERAL_CONVERSION = YES;
				CLANG_WARN_OBJC_ROOT_CLASS = YES_ERROR;
				CLANG_WARN_RANGE_LOOP_ANALYSIS = YES;
				CLANG_WARN_STRICT_PROTOTYPES = YES;
				CLANG_WARN_SUSPICIOUS_MOVE = YES;
				CLANG_WARN_UNGUARDED_AVAILABILITY = YES_AGGRESSIVE;
				CLANG_WARN_UNREACHABLE_CODE = YES;
				CLANG_WARN__DUPLICATE_METHOD_MATCH = YES;
				CODE_SIGN_IDENTITY = "-";
				COPY_PHASE_STRIP = NO;
				DEBUG_INFORMATION_FORMAT = dwarf;
				ENABLE_STRICT_OBJC_MSGSEND = YES;
				ENABLE_TESTABILITY = YES;
				GCC_C_LANGUAGE_STANDARD = gnu11;
				GCC_DYNAMIC_NO_PIC = NO;
				GCC_NO_COMMON_BLOCKS = YES;
				GCC_OPTIMIZATION_LEVEL = 0;
				GCC_PREPROCESSOR_DEFINITIONS = (
					"DEBUG=1",
					"$(inherited)",
				);
				GCC_WARN_64_TO_32_BIT_CONVERSION = YES;
				GCC_WARN_ABOUT_RETURN_TYPE = YES_ERROR;
				GCC_WARN_UNDECLARED_SELECTOR = YES;
				GCC_WARN_UNINITIALIZED_AUTOS = YES_AGGRESSIVE;
				GCC_WARN_UNUSED_FUNCTION = YES;
				GCC_WARN_UNUSED_VARIABLE = YES;
				MACOSX_DEPLOYMENT_TARGET = 10.14;
				MTL_ENABLE_DEBUG_INFO = INCLUDE_SOURCE;
				MTL_FAST_MATH = YES;
				ONLY_ACTIVE_ARCH = YES;
				SDKROOT = macosx;
				SWIFT_ACTIVE_COMPILATION_CONDITIONS = DEBUG;
				SWIFT_OPTIMIZATION_LEVEL = "-Onone";
			};
			name = Debug;
		};
		10636F6522CFA2A80034A505 /* Release */ = {
			isa = XCBuildConfiguration;
			buildSettings = {
				ALWAYS_SEARCH_USER_PATHS = NO;
				CLANG_ANALYZER_NONNULL = YES;
				CLANG_ANALYZER_NUMBER_OBJECT_CONVERSION = YES_AGGRESSIVE;
				CLANG_CXX_LANGUAGE_STANDARD = "gnu++14";
				CLANG_CXX_LIBRARY = "libc++";
				CLANG_ENABLE_MODULES = YES;
				CLANG_ENABLE_OBJC_ARC = YES;
				CLANG_ENABLE_OBJC_WEAK = YES;
				CLANG_WARN_BLOCK_CAPTURE_AUTORELEASING = YES;
				CLANG_WARN_BOOL_CONVERSION = YES;
				CLANG_WARN_COMMA = YES;
				CLANG_WARN_CONSTANT_CONVERSION = YES;
				CLANG_WARN_DEPRECATED_OBJC_IMPLEMENTATIONS = YES;
				CLANG_WARN_DIRECT_OBJC_ISA_USAGE = YES_ERROR;
				CLANG_WARN_DOCUMENTATION_COMMENTS = YES;
				CLANG_WARN_EMPTY_BODY = YES;
				CLANG_WARN_ENUM_CONVERSION = YES;
				CLANG_WARN_INFINITE_RECURSION = YES;
				CLANG_WARN_INT_CONVERSION = YES;
				CLANG_WARN_NON_LITERAL_NULL_CONVERSION = YES;
				CLANG_WARN_OBJC_IMPLICIT_RETAIN_SELF = YES;
				CLANG_WARN_OBJC_LITERAL_CONVERSION = YES;
				CLANG_WARN_OBJC_ROOT_CLASS = YES_ERROR;
				CLANG_WARN_RANGE_LOOP_ANALYSIS = YES;
				CLANG_WARN_STRICT_PROTOTYPES = YES;
				CLANG_WARN_SUSPICIOUS_MOVE = YES;
				CLANG_WARN_UNGUARDED_AVAILABILITY = YES_AGGRESSIVE;
				CLANG_WARN_UNREACHABLE_CODE = YES;
				CLANG_WARN__DUPLICATE_METHOD_MATCH = YES;
				CODE_SIGN_IDENTITY = "-";
				COPY_PHASE_STRIP = NO;
				DEBUG_INFORMATION_FORMAT = "dwarf-with-dsym";
				ENABLE_NS_ASSERTIONS = NO;
				ENABLE_STRICT_OBJC_MSGSEND = YES;
				GCC_C_LANGUAGE_STANDARD = gnu11;
				GCC_NO_COMMON_BLOCKS = YES;
				GCC_WARN_64_TO_32_BIT_CONVERSION = YES;
				GCC_WARN_ABOUT_RETURN_TYPE = YES_ERROR;
				GCC_WARN_UNDECLARED_SELECTOR = YES;
				GCC_WARN_UNINITIALIZED_AUTOS = YES_AGGRESSIVE;
				GCC_WARN_UNUSED_FUNCTION = YES;
				GCC_WARN_UNUSED_VARIABLE = YES;
				MACOSX_DEPLOYMENT_TARGET = 10.14;
				MTL_ENABLE_DEBUG_INFO = NO;
				MTL_FAST_MATH = YES;
				SDKROOT = macosx;
				SWIFT_COMPILATION_MODE = wholemodule;
				SWIFT_OPTIMIZATION_LEVEL = "-O";
			};
			name = Release;
		};
		10636F6722CFA2A80034A505 /* Debug */ = {
			isa = XCBuildConfiguration;
			baseConfigurationReference = BDC1F5DFED97A25965BDAE51 /* Pods-Queen.debug.xcconfig */;
			buildSettings = {
				ASSETCATALOG_COMPILER_APPICON_NAME = AppIcon;
				CODE_SIGN_STYLE = Automatic;
				COMBINE_HIDPI_IMAGES = YES;
				DEVELOPMENT_TEAM = W4RKLQZZCQ;
				INFOPLIST_FILE = Queen/Info.plist;
				LD_RUNPATH_SEARCH_PATHS = (
					"$(inherited)",
					"@executable_path/../Frameworks",
				);
				PRODUCT_BUNDLE_IDENTIFIER = com.taokan.Queen;
				PRODUCT_NAME = "$(TARGET_NAME)";
				SWIFT_VERSION = 5.0;
			};
			name = Debug;
		};
		10636F6822CFA2A80034A505 /* Release */ = {
			isa = XCBuildConfiguration;
			baseConfigurationReference = 24978B135F1AB0C8C8FFCB58 /* Pods-Queen.release.xcconfig */;
			buildSettings = {
				ASSETCATALOG_COMPILER_APPICON_NAME = AppIcon;
				CODE_SIGN_STYLE = Automatic;
				COMBINE_HIDPI_IMAGES = YES;
				DEVELOPMENT_TEAM = W4RKLQZZCQ;
				INFOPLIST_FILE = Queen/Info.plist;
				LD_RUNPATH_SEARCH_PATHS = (
					"$(inherited)",
					"@executable_path/../Frameworks",
				);
				PRODUCT_BUNDLE_IDENTIFIER = com.taokan.Queen;
				PRODUCT_NAME = "$(TARGET_NAME)";
				SWIFT_VERSION = 5.0;
			};
			name = Release;
		};
		10E0229622EB3ED500DE3433 /* Debug */ = {
			isa = XCBuildConfiguration;
			baseConfigurationReference = 04E3755F5FA11A5500E8AF63 /* Pods-QueenTests.debug.xcconfig */;
			buildSettings = {
				BUNDLE_LOADER = "$(TEST_HOST)";
				CODE_SIGN_STYLE = Automatic;
				COMBINE_HIDPI_IMAGES = YES;
				INFOPLIST_FILE = QueenTests/Info.plist;
				LD_RUNPATH_SEARCH_PATHS = (
					"$(inherited)",
					"@executable_path/../Frameworks",
					"@loader_path/../Frameworks",
				);
				PRODUCT_BUNDLE_IDENTIFIER = com.taokan.QueenTests;
				PRODUCT_NAME = "$(TARGET_NAME)";
				SWIFT_VERSION = 5.0;
				TEST_HOST = "$(BUILT_PRODUCTS_DIR)/Queen.app/Contents/MacOS/Queen";
			};
			name = Debug;
		};
		10E0229722EB3ED500DE3433 /* Release */ = {
			isa = XCBuildConfiguration;
			baseConfigurationReference = 32765BD05D8130AC383E25EE /* Pods-QueenTests.release.xcconfig */;
			buildSettings = {
				BUNDLE_LOADER = "$(TEST_HOST)";
				CODE_SIGN_STYLE = Automatic;
				COMBINE_HIDPI_IMAGES = YES;
				INFOPLIST_FILE = QueenTests/Info.plist;
				LD_RUNPATH_SEARCH_PATHS = (
					"$(inherited)",
					"@executable_path/../Frameworks",
					"@loader_path/../Frameworks",
				);
				PRODUCT_BUNDLE_IDENTIFIER = com.taokan.QueenTests;
				PRODUCT_NAME = "$(TARGET_NAME)";
				SWIFT_VERSION = 5.0;
				TEST_HOST = "$(BUILT_PRODUCTS_DIR)/Queen.app/Contents/MacOS/Queen";
			};
			name = Release;
		};
/* End XCBuildConfiguration section */

/* Begin XCConfigurationList section */
		10636F4F22CFA2A70034A505 /* Build configuration list for PBXProject "Queen" */ = {
			isa = XCConfigurationList;
			buildConfigurations = (
				10636F6422CFA2A80034A505 /* Debug */,
				10636F6522CFA2A80034A505 /* Release */,
			);
			defaultConfigurationIsVisible = 0;
			defaultConfigurationName = Release;
		};
		10636F6622CFA2A80034A505 /* Build configuration list for PBXNativeTarget "Queen" */ = {
			isa = XCConfigurationList;
			buildConfigurations = (
				10636F6722CFA2A80034A505 /* Debug */,
				10636F6822CFA2A80034A505 /* Release */,
			);
			defaultConfigurationIsVisible = 0;
			defaultConfigurationName = Release;
		};
		10E0229522EB3ED500DE3433 /* Build configuration list for PBXNativeTarget "QueenTests" */ = {
			isa = XCConfigurationList;
			buildConfigurations = (
				10E0229622EB3ED500DE3433 /* Debug */,
				10E0229722EB3ED500DE3433 /* Release */,
			);
			defaultConfigurationIsVisible = 0;
			defaultConfigurationName = Release;
		};
/* End XCConfigurationList section */
	};
	rootObject = 10636F4C22CFA2A70034A505 /* Project object */;
}
