// !$*UTF8*$!
{
	archiveVersion = 1;
	classes = {
	};
	objectVersion = 50;
	objects = {

/* Begin PBXBuildFile section */
		10636F5822CFA2A70034A505 /* AppDelegate.swift in Sources */ = {isa = PBXBuildFile; fileRef = 10636F5722CFA2A70034A505 /* AppDelegate.swift */; };
		10636F5E22CFA2A80034A505 /* Assets.xcassets in Resources */ = {isa = PBXBuildFile; fileRef = 10636F5D22CFA2A80034A505 /* Assets.xcassets */; };
		10636F6122CFA2A80034A505 /* Main.storyboard in Resources */ = {isa = PBXBuildFile; fileRef = 10636F5F22CFA2A80034A505 /* Main.storyboard */; };
		10636F6E22CFA34A0034A505 /* Document.swift in Sources */ = {isa = PBXBuildFile; fileRef = 10636F6D22CFA34A0034A505 /* Document.swift */; };
		10636F7D22CFA5460034A505 /* NSColor+Exts.swift in Sources */ = {isa = PBXBuildFile; fileRef = 10636F7C22CFA5460034A505 /* NSColor+Exts.swift */; };
		10636F7F22D084BF0034A505 /* NSStoryboard+Exts.swift in Sources */ = {isa = PBXBuildFile; fileRef = 10636F7E22D084BF0034A505 /* NSStoryboard+Exts.swift */; };
		10636F8722D0A0860034A505 /* NSView+Exts.swift in Sources */ = {isa = PBXBuildFile; fileRef = 10636F8622D0A0860034A505 /* NSView+Exts.swift */; };
		10636F9B22D4D0700034A505 /* Info.plist in Resources */ = {isa = PBXBuildFile; fileRef = 10636F9A22D4D0700034A505 /* Info.plist */; };
		10636FBA22D4D08C0034A505 /* WelcomeWindowController.swift in Sources */ = {isa = PBXBuildFile; fileRef = 10636F9D22D4D08C0034A505 /* WelcomeWindowController.swift */; };
		10636FBB22D4D08C0034A505 /* PreferencesWindowController.swift in Sources */ = {isa = PBXBuildFile; fileRef = 10636F9E22D4D08C0034A505 /* PreferencesWindowController.swift */; };
		10636FBC22D4D08C0034A505 /* WelcomeTableViewCell.swift in Sources */ = {isa = PBXBuildFile; fileRef = 10636FA422D4D08C0034A505 /* WelcomeTableViewCell.swift */; };
		10636FBD22D4D08C0034A505 /* MainContentTopMenuView.swift in Sources */ = {isa = PBXBuildFile; fileRef = 10636FA622D4D08C0034A505 /* MainContentTopMenuView.swift */; };
		10636FBE22D4D08C0034A505 /* MenuTableViewCell.swift in Sources */ = {isa = PBXBuildFile; fileRef = 10636FA722D4D08C0034A505 /* MenuTableViewCell.swift */; };
		10636FBF22D4D08C0034A505 /* MouseEnterOrExitView.swift in Sources */ = {isa = PBXBuildFile; fileRef = 10636FA822D4D08C0034A505 /* MouseEnterOrExitView.swift */; };
		10636FC022D4D08C0034A505 /* MainWindowController.swift in Sources */ = {isa = PBXBuildFile; fileRef = 10636FAC22D4D08C0034A505 /* MainWindowController.swift */; };
		10636FC122D4D08C0034A505 /* WelcomeViewController.swift in Sources */ = {isa = PBXBuildFile; fileRef = 10636FAF22D4D08C0034A505 /* WelcomeViewController.swift */; };
		10636FC222D4D08C0034A505 /* PreferencesViewController.swift in Sources */ = {isa = PBXBuildFile; fileRef = 10636FB022D4D08C0034A505 /* PreferencesViewController.swift */; };
		10636FC322D4D08C0034A505 /* ManagerViewController.swift in Sources */ = {isa = PBXBuildFile; fileRef = 10636FB222D4D08C0034A505 /* ManagerViewController.swift */; };
		10636FC422D4D08C0034A505 /* RightContentViewController.swift in Sources */ = {isa = PBXBuildFile; fileRef = 10636FB322D4D08C0034A505 /* RightContentViewController.swift */; };
		10636FC522D4D08C0034A505 /* LeftMenuViewController.swift in Sources */ = {isa = PBXBuildFile; fileRef = 10636FB422D4D08C0034A505 /* LeftMenuViewController.swift */; };
		10636FC622D4D08C0034A505 /* MainUI.storyboard in Resources */ = {isa = PBXBuildFile; fileRef = 10636FB822D4D08C0034A505 /* MainUI.storyboard */; };
		10636FCE22D4D42F0034A505 /* ComponentModel.swift in Sources */ = {isa = PBXBuildFile; fileRef = 10636FCD22D4D42F0034A505 /* ComponentModel.swift */; };
		10636FD022D4E1E70034A505 /* TerminalView.swift in Sources */ = {isa = PBXBuildFile; fileRef = 10636FCF22D4E1E70034A505 /* TerminalView.swift */; };
		10636FD222D4E98B0034A505 /* NSScrollView+Exts.swift in Sources */ = {isa = PBXBuildFile; fileRef = 10636FD122D4E98B0034A505 /* NSScrollView+Exts.swift */; };
		CEE7A8F95A0081A52D9B66F1 /* Pods_Queen.framework in Frameworks */ = {isa = PBXBuildFile; fileRef = CD88B27D84193590EF8382C9 /* Pods_Queen.framework */; };
/* End PBXBuildFile section */

/* Begin PBXFileReference section */
		10636F5422CFA2A70034A505 /* Queen.app */ = {isa = PBXFileReference; explicitFileType = wrapper.application; includeInIndex = 0; path = Queen.app; sourceTree = BUILT_PRODUCTS_DIR; };
		10636F5722CFA2A70034A505 /* AppDelegate.swift */ = {isa = PBXFileReference; lastKnownFileType = sourcecode.swift; path = AppDelegate.swift; sourceTree = "<group>"; };
		10636F5D22CFA2A80034A505 /* Assets.xcassets */ = {isa = PBXFileReference; lastKnownFileType = folder.assetcatalog; path = Assets.xcassets; sourceTree = "<group>"; };
		10636F6022CFA2A80034A505 /* Base */ = {isa = PBXFileReference; lastKnownFileType = file.storyboard; name = Base; path = Base.lproj/Main.storyboard; sourceTree = "<group>"; };
		10636F6322CFA2A80034A505 /* Queen.entitlements */ = {isa = PBXFileReference; lastKnownFileType = text.plist.entitlements; path = Queen.entitlements; sourceTree = "<group>"; };
		10636F6D22CFA34A0034A505 /* Document.swift */ = {isa = PBXFileReference; fileEncoding = 4; lastKnownFileType = sourcecode.swift; path = Document.swift; sourceTree = "<group>"; };
		10636F7C22CFA5460034A505 /* NSColor+Exts.swift */ = {isa = PBXFileReference; lastKnownFileType = sourcecode.swift; path = "NSColor+Exts.swift"; sourceTree = "<group>"; };
		10636F7E22D084BF0034A505 /* NSStoryboard+Exts.swift */ = {isa = PBXFileReference; lastKnownFileType = sourcecode.swift; path = "NSStoryboard+Exts.swift"; sourceTree = "<group>"; };
		10636F8622D0A0860034A505 /* NSView+Exts.swift */ = {isa = PBXFileReference; lastKnownFileType = sourcecode.swift; path = "NSView+Exts.swift"; sourceTree = "<group>"; };
		10636F9A22D4D0700034A505 /* Info.plist */ = {isa = PBXFileReference; fileEncoding = 4; lastKnownFileType = text.plist.xml; path = Info.plist; sourceTree = "<group>"; };
		10636F9D22D4D08C0034A505 /* WelcomeWindowController.swift */ = {isa = PBXFileReference; fileEncoding = 4; lastKnownFileType = sourcecode.swift; path = WelcomeWindowController.swift; sourceTree = "<group>"; };
		10636F9E22D4D08C0034A505 /* PreferencesWindowController.swift */ = {isa = PBXFileReference; fileEncoding = 4; lastKnownFileType = sourcecode.swift; path = PreferencesWindowController.swift; sourceTree = "<group>"; };
		10636FA422D4D08C0034A505 /* WelcomeTableViewCell.swift */ = {isa = PBXFileReference; fileEncoding = 4; lastKnownFileType = sourcecode.swift; path = WelcomeTableViewCell.swift; sourceTree = "<group>"; };
		10636FA622D4D08C0034A505 /* MainContentTopMenuView.swift */ = {isa = PBXFileReference; fileEncoding = 4; lastKnownFileType = sourcecode.swift; path = MainContentTopMenuView.swift; sourceTree = "<group>"; };
		10636FA722D4D08C0034A505 /* MenuTableViewCell.swift */ = {isa = PBXFileReference; fileEncoding = 4; lastKnownFileType = sourcecode.swift; path = MenuTableViewCell.swift; sourceTree = "<group>"; };
		10636FA822D4D08C0034A505 /* MouseEnterOrExitView.swift */ = {isa = PBXFileReference; fileEncoding = 4; lastKnownFileType = sourcecode.swift; path = MouseEnterOrExitView.swift; sourceTree = "<group>"; };
		10636FAC22D4D08C0034A505 /* MainWindowController.swift */ = {isa = PBXFileReference; fileEncoding = 4; lastKnownFileType = sourcecode.swift; path = MainWindowController.swift; sourceTree = "<group>"; };
		10636FAF22D4D08C0034A505 /* WelcomeViewController.swift */ = {isa = PBXFileReference; fileEncoding = 4; lastKnownFileType = sourcecode.swift; path = WelcomeViewController.swift; sourceTree = "<group>"; };
		10636FB022D4D08C0034A505 /* PreferencesViewController.swift */ = {isa = PBXFileReference; fileEncoding = 4; lastKnownFileType = sourcecode.swift; path = PreferencesViewController.swift; sourceTree = "<group>"; };
		10636FB222D4D08C0034A505 /* ManagerViewController.swift */ = {isa = PBXFileReference; fileEncoding = 4; lastKnownFileType = sourcecode.swift; path = ManagerViewController.swift; sourceTree = "<group>"; };
		10636FB322D4D08C0034A505 /* RightContentViewController.swift */ = {isa = PBXFileReference; fileEncoding = 4; lastKnownFileType = sourcecode.swift; path = RightContentViewController.swift; sourceTree = "<group>"; };
		10636FB422D4D08C0034A505 /* LeftMenuViewController.swift */ = {isa = PBXFileReference; fileEncoding = 4; lastKnownFileType = sourcecode.swift; path = LeftMenuViewController.swift; sourceTree = "<group>"; };
		10636FB822D4D08C0034A505 /* MainUI.storyboard */ = {isa = PBXFileReference; fileEncoding = 4; lastKnownFileType = file.storyboard; path = MainUI.storyboard; sourceTree = "<group>"; };
		10636FCD22D4D42F0034A505 /* ComponentModel.swift */ = {isa = PBXFileReference; lastKnownFileType = sourcecode.swift; path = ComponentModel.swift; sourceTree = "<group>"; };
		10636FCF22D4E1E70034A505 /* TerminalView.swift */ = {isa = PBXFileReference; lastKnownFileType = sourcecode.swift; path = TerminalView.swift; sourceTree = "<group>"; };
		10636FD122D4E98B0034A505 /* NSScrollView+Exts.swift */ = {isa = PBXFileReference; lastKnownFileType = sourcecode.swift; path = "NSScrollView+Exts.swift"; sourceTree = "<group>"; };
		24978B135F1AB0C8C8FFCB58 /* Pods-Queen.release.xcconfig */ = {isa = PBXFileReference; includeInIndex = 1; lastKnownFileType = text.xcconfig; name = "Pods-Queen.release.xcconfig"; path = "Pods/Target Support Files/Pods-Queen/Pods-Queen.release.xcconfig"; sourceTree = "<group>"; };
		BDC1F5DFED97A25965BDAE51 /* Pods-Queen.debug.xcconfig */ = {isa = PBXFileReference; includeInIndex = 1; lastKnownFileType = text.xcconfig; name = "Pods-Queen.debug.xcconfig"; path = "Pods/Target Support Files/Pods-Queen/Pods-Queen.debug.xcconfig"; sourceTree = "<group>"; };
		CD88B27D84193590EF8382C9 /* Pods_Queen.framework */ = {isa = PBXFileReference; explicitFileType = wrapper.framework; includeInIndex = 0; path = Pods_Queen.framework; sourceTree = BUILT_PRODUCTS_DIR; };
/* End PBXFileReference section */

/* Begin PBXFrameworksBuildPhase section */
		10636F5122CFA2A70034A505 /* Frameworks */ = {
			isa = PBXFrameworksBuildPhase;
			buildActionMask = 2147483647;
			files = (
				CEE7A8F95A0081A52D9B66F1 /* Pods_Queen.framework in Frameworks */,
			);
			runOnlyForDeploymentPostprocessing = 0;
		};
/* End PBXFrameworksBuildPhase section */

/* Begin PBXGroup section */
		0B0803A6D89ED92AC0A4AB21 /* Pods */ = {
			isa = PBXGroup;
			children = (
				BDC1F5DFED97A25965BDAE51 /* Pods-Queen.debug.xcconfig */,
				24978B135F1AB0C8C8FFCB58 /* Pods-Queen.release.xcconfig */,
			);
			name = Pods;
			sourceTree = "<group>";
		};
		10636F4B22CFA2A70034A505 = {
			isa = PBXGroup;
			children = (
				10636F5622CFA2A70034A505 /* Queen */,
				10636F5522CFA2A70034A505 /* Products */,
				0B0803A6D89ED92AC0A4AB21 /* Pods */,
				CE1E0D15174E500A37C029D4 /* Frameworks */,
			);
			sourceTree = "<group>";
		};
		10636F5522CFA2A70034A505 /* Products */ = {
			isa = PBXGroup;
			children = (
				10636F5422CFA2A70034A505 /* Queen.app */,
			);
			name = Products;
			sourceTree = "<group>";
		};
		10636F5622CFA2A70034A505 /* Queen */ = {
			isa = PBXGroup;
			children = (
				10636FB622D4D08C0034A505 /* Model */,
				10636FB722D4D08C0034A505 /* Storyboard */,
				10636F9F22D4D08C0034A505 /* View */,
				10636FAA22D4D08C0034A505 /* ViewController */,
				10636FB922D4D08C0034A505 /* Window */,
				10636F9C22D4D08C0034A505 /* WindowController */,
				10636F9922D4D01D0034A505 /* Other */,
				10636F7B22CFA5280034A505 /* Extensions */,
				10636F6922CFA3380034A505 /* Documents */,
				10636F5722CFA2A70034A505 /* AppDelegate.swift */,
				10636F9A22D4D0700034A505 /* Info.plist */,
			);
			path = Queen;
			sourceTree = "<group>";
		};
		10636F6922CFA3380034A505 /* Documents */ = {
			isa = PBXGroup;
			children = (
				10636F6D22CFA34A0034A505 /* Document.swift */,
			);
			path = Documents;
			sourceTree = "<group>";
		};
		10636F7B22CFA5280034A505 /* Extensions */ = {
			isa = PBXGroup;
			children = (
				10636F7C22CFA5460034A505 /* NSColor+Exts.swift */,
				10636F7E22D084BF0034A505 /* NSStoryboard+Exts.swift */,
				10636F8622D0A0860034A505 /* NSView+Exts.swift */,
				10636FD122D4E98B0034A505 /* NSScrollView+Exts.swift */,
			);
			path = Extensions;
			sourceTree = "<group>";
		};
		10636F9922D4D01D0034A505 /* Other */ = {
			isa = PBXGroup;
			children = (
				10636F6322CFA2A80034A505 /* Queen.entitlements */,
				10636F5D22CFA2A80034A505 /* Assets.xcassets */,
				10636F5F22CFA2A80034A505 /* Main.storyboard */,
			);
			path = Other;
			sourceTree = "<group>";
		};
		10636F9C22D4D08C0034A505 /* WindowController */ = {
			isa = PBXGroup;
			children = (
				10636F9D22D4D08C0034A505 /* WelcomeWindowController.swift */,
				10636F9E22D4D08C0034A505 /* PreferencesWindowController.swift */,
			);
			path = WindowController;
			sourceTree = "<group>";
		};
		10636F9F22D4D08C0034A505 /* View */ = {
			isa = PBXGroup;
			children = (
				10636FA022D4D08C0034A505 /* Documentation */,
				10636FA122D4D08C0034A505 /* Config */,
				10636FA222D4D08C0034A505 /* CI */,
				10636FA322D4D08C0034A505 /* Welcome */,
				10636FA522D4D08C0034A505 /* Manager */,
				10636FA822D4D08C0034A505 /* MouseEnterOrExitView.swift */,
				10636FA922D4D08C0034A505 /* Building */,
			);
			path = View;
			sourceTree = "<group>";
		};
		10636FA022D4D08C0034A505 /* Documentation */ = {
			isa = PBXGroup;
			children = (
			);
			path = Documentation;
			sourceTree = "<group>";
		};
		10636FA122D4D08C0034A505 /* Config */ = {
			isa = PBXGroup;
			children = (
			);
			path = Config;
			sourceTree = "<group>";
		};
		10636FA222D4D08C0034A505 /* CI */ = {
			isa = PBXGroup;
			children = (
			);
			path = CI;
			sourceTree = "<group>";
		};
		10636FA322D4D08C0034A505 /* Welcome */ = {
			isa = PBXGroup;
			children = (
				10636FA422D4D08C0034A505 /* WelcomeTableViewCell.swift */,
			);
			path = Welcome;
			sourceTree = "<group>";
		};
		10636FA522D4D08C0034A505 /* Manager */ = {
			isa = PBXGroup;
			children = (
				10636FA622D4D08C0034A505 /* MainContentTopMenuView.swift */,
				10636FA722D4D08C0034A505 /* MenuTableViewCell.swift */,
				10636FCF22D4E1E70034A505 /* TerminalView.swift */,
			);
			path = Manager;
			sourceTree = "<group>";
		};
		10636FA922D4D08C0034A505 /* Building */ = {
			isa = PBXGroup;
			children = (
			);
			path = Building;
			sourceTree = "<group>";
		};
		10636FAA22D4D08C0034A505 /* ViewController */ = {
			isa = PBXGroup;
			children = (
				10636FB022D4D08C0034A505 /* PreferencesViewController.swift */,
				10636FAC22D4D08C0034A505 /* MainWindowController.swift */,
				10636FAF22D4D08C0034A505 /* WelcomeViewController.swift */,
				10636FAB22D4D08C0034A505 /* Documentation */,
				10636FAD22D4D08C0034A505 /* Config */,
				10636FAE22D4D08C0034A505 /* CI */,
				10636FB122D4D08C0034A505 /* Manager */,
				10636FB522D4D08C0034A505 /* Building */,
			);
			path = ViewController;
			sourceTree = "<group>";
		};
		10636FAB22D4D08C0034A505 /* Documentation */ = {
			isa = PBXGroup;
			children = (
			);
			path = Documentation;
			sourceTree = "<group>";
		};
		10636FAD22D4D08C0034A505 /* Config */ = {
			isa = PBXGroup;
			children = (
			);
			path = Config;
			sourceTree = "<group>";
		};
		10636FAE22D4D08C0034A505 /* CI */ = {
			isa = PBXGroup;
			children = (
			);
			path = CI;
			sourceTree = "<group>";
		};
		10636FB122D4D08C0034A505 /* Manager */ = {
			isa = PBXGroup;
			children = (
				10636FB222D4D08C0034A505 /* ManagerViewController.swift */,
				10636FB322D4D08C0034A505 /* RightContentViewController.swift */,
				10636FB422D4D08C0034A505 /* LeftMenuViewController.swift */,
			);
			path = Manager;
			sourceTree = "<group>";
		};
		10636FB522D4D08C0034A505 /* Building */ = {
			isa = PBXGroup;
			children = (
			);
			path = Building;
			sourceTree = "<group>";
		};
		10636FB622D4D08C0034A505 /* Model */ = {
			isa = PBXGroup;
			children = (
				10636FCA22D4D4100034A505 /* Building */,
				10636FCC22D4D4100034A505 /* CI */,
				10636FC722D4D4100034A505 /* Config */,
				10636FC922D4D4100034A505 /* Documentation */,
				10636FC822D4D4100034A505 /* Manager */,
				10636FCB22D4D4100034A505 /* Welcome */,
			);
			path = Model;
			sourceTree = "<group>";
		};
		10636FB722D4D08C0034A505 /* Storyboard */ = {
			isa = PBXGroup;
			children = (
				10636FB822D4D08C0034A505 /* MainUI.storyboard */,
			);
			path = Storyboard;
			sourceTree = "<group>";
		};
		10636FB922D4D08C0034A505 /* Window */ = {
			isa = PBXGroup;
			children = (
			);
			path = Window;
			sourceTree = "<group>";
		};
		10636FC722D4D4100034A505 /* Config */ = {
			isa = PBXGroup;
			children = (
			);
			path = Config;
			sourceTree = "<group>";
		};
		10636FC822D4D4100034A505 /* Manager */ = {
			isa = PBXGroup;
			children = (
				10636FCD22D4D42F0034A505 /* ComponentModel.swift */,
			);
			path = Manager;
			sourceTree = "<group>";
		};
		10636FC922D4D4100034A505 /* Documentation */ = {
			isa = PBXGroup;
			children = (
			);
			path = Documentation;
			sourceTree = "<group>";
		};
		10636FCA22D4D4100034A505 /* Building */ = {
			isa = PBXGroup;
			children = (
			);
			path = Building;
			sourceTree = "<group>";
		};
		10636FCB22D4D4100034A505 /* Welcome */ = {
			isa = PBXGroup;
			children = (
			);
			path = Welcome;
			sourceTree = "<group>";
		};
		10636FCC22D4D4100034A505 /* CI */ = {
			isa = PBXGroup;
			children = (
			);
			path = CI;
			sourceTree = "<group>";
		};
		CE1E0D15174E500A37C029D4 /* Frameworks */ = {
			isa = PBXGroup;
			children = (
				CD88B27D84193590EF8382C9 /* Pods_Queen.framework */,
			);
			name = Frameworks;
			sourceTree = "<group>";
		};
/* End PBXGroup section */

/* Begin PBXNativeTarget section */
		10636F5322CFA2A70034A505 /* Queen */ = {
			isa = PBXNativeTarget;
			buildConfigurationList = 10636F6622CFA2A80034A505 /* Build configuration list for PBXNativeTarget "Queen" */;
			buildPhases = (
				5B0E24E11EC52507914AD00A /* [CP] Check Pods Manifest.lock */,
				10636F5022CFA2A70034A505 /* Sources */,
				10636F5122CFA2A70034A505 /* Frameworks */,
				10636F5222CFA2A70034A505 /* Resources */,
				FD31B5E12748DBB6E198F106 /* [CP] Embed Pods Frameworks */,
			);
			buildRules = (
			);
			dependencies = (
			);
			name = Queen;
			productName = Queen;
			productReference = 10636F5422CFA2A70034A505 /* Queen.app */;
			productType = "com.apple.product-type.application";
		};
/* End PBXNativeTarget section */

/* Begin PBXProject section */
		10636F4C22CFA2A70034A505 /* Project object */ = {
			isa = PBXProject;
			attributes = {
				LastSwiftUpdateCheck = 1020;
				LastUpgradeCheck = 1020;
				ORGANIZATIONNAME = "聂子";
				TargetAttributes = {
					10636F5322CFA2A70034A505 = {
						CreatedOnToolsVersion = 10.2.1;
					};
				};
			};
			buildConfigurationList = 10636F4F22CFA2A70034A505 /* Build configuration list for PBXProject "Queen" */;
			compatibilityVersion = "Xcode 9.3";
			developmentRegion = en;
			hasScannedForEncodings = 0;
			knownRegions = (
				en,
				Base,
			);
			mainGroup = 10636F4B22CFA2A70034A505;
			productRefGroup = 10636F5522CFA2A70034A505 /* Products */;
			projectDirPath = "";
			projectRoot = "";
			targets = (
				10636F5322CFA2A70034A505 /* Queen */,
			);
		};
/* End PBXProject section */

/* Begin PBXResourcesBuildPhase section */
		10636F5222CFA2A70034A505 /* Resources */ = {
			isa = PBXResourcesBuildPhase;
			buildActionMask = 2147483647;
			files = (
				10636F5E22CFA2A80034A505 /* Assets.xcassets in Resources */,
				10636F6122CFA2A80034A505 /* Main.storyboard in Resources */,
				10636F9B22D4D0700034A505 /* Info.plist in Resources */,
				10636FC622D4D08C0034A505 /* MainUI.storyboard in Resources */,
			);
			runOnlyForDeploymentPostprocessing = 0;
		};
/* End PBXResourcesBuildPhase section */

/* Begin PBXShellScriptBuildPhase section */
		5B0E24E11EC52507914AD00A /* [CP] Check Pods Manifest.lock */ = {
			isa = PBXShellScriptBuildPhase;
			buildActionMask = 2147483647;
			files = (
			);
			inputFileListPaths = (
			);
			inputPaths = (
				"${PODS_PODFILE_DIR_PATH}/Podfile.lock",
				"${PODS_ROOT}/Manifest.lock",
			);
			name = "[CP] Check Pods Manifest.lock";
			outputFileListPaths = (
			);
			outputPaths = (
				"$(DERIVED_FILE_DIR)/Pods-Queen-checkManifestLockResult.txt",
			);
			runOnlyForDeploymentPostprocessing = 0;
			shellPath = /bin/sh;
			shellScript = "diff \"${PODS_PODFILE_DIR_PATH}/Podfile.lock\" \"${PODS_ROOT}/Manifest.lock\" > /dev/null\nif [ $? != 0 ] ; then\n    # print error to STDERR\n    echo \"error: The sandbox is not in sync with the Podfile.lock. Run 'pod install' or update your CocoaPods installation.\" >&2\n    exit 1\nfi\n# This output is used by Xcode 'outputs' to avoid re-running this script phase.\necho \"SUCCESS\" > \"${SCRIPT_OUTPUT_FILE_0}\"\n";
			showEnvVarsInLog = 0;
		};
		FD31B5E12748DBB6E198F106 /* [CP] Embed Pods Frameworks */ = {
			isa = PBXShellScriptBuildPhase;
			buildActionMask = 2147483647;
			files = (
			);
			inputFileListPaths = (
			);
			inputPaths = (
				"${SRCROOT}/Pods/Target Support Files/Pods-Queen/Pods-Queen-frameworks.sh",
				"${BUILT_PRODUCTS_DIR}/SnapKit/SnapKit.framework",
			);
			name = "[CP] Embed Pods Frameworks";
			outputFileListPaths = (
			);
			outputPaths = (
				"${TARGET_BUILD_DIR}/${FRAMEWORKS_FOLDER_PATH}/SnapKit.framework",
			);
			runOnlyForDeploymentPostprocessing = 0;
			shellPath = /bin/sh;
			shellScript = "\"${SRCROOT}/Pods/Target Support Files/Pods-Queen/Pods-Queen-frameworks.sh\"\n";
			showEnvVarsInLog = 0;
		};
/* End PBXShellScriptBuildPhase section */

/* Begin PBXSourcesBuildPhase section */
		10636F5022CFA2A70034A505 /* Sources */ = {
			isa = PBXSourcesBuildPhase;
			buildActionMask = 2147483647;
			files = (
				10636FD222D4E98B0034A505 /* NSScrollView+Exts.swift in Sources */,
				10636F7F22D084BF0034A505 /* NSStoryboard+Exts.swift in Sources */,
				10636FCE22D4D42F0034A505 /* ComponentModel.swift in Sources */,
				10636FC522D4D08C0034A505 /* LeftMenuViewController.swift in Sources */,
				10636F8722D0A0860034A505 /* NSView+Exts.swift in Sources */,
				10636FC022D4D08C0034A505 /* MainWindowController.swift in Sources */,
				10636F7D22CFA5460034A505 /* NSColor+Exts.swift in Sources */,
				10636F6E22CFA34A0034A505 /* Document.swift in Sources */,
				10636FC222D4D08C0034A505 /* PreferencesViewController.swift in Sources */,
				10636FC422D4D08C0034A505 /* RightContentViewController.swift in Sources */,
				10636FBE22D4D08C0034A505 /* MenuTableViewCell.swift in Sources */,
				10636FC122D4D08C0034A505 /* WelcomeViewController.swift in Sources */,
				10636FBC22D4D08C0034A505 /* WelcomeTableViewCell.swift in Sources */,
				10636FC322D4D08C0034A505 /* ManagerViewController.swift in Sources */,
				10636FBB22D4D08C0034A505 /* PreferencesWindowController.swift in Sources */,
				10636FBF22D4D08C0034A505 /* MouseEnterOrExitView.swift in Sources */,
				10636FBD22D4D08C0034A505 /* MainContentTopMenuView.swift in Sources */,
				10636FD022D4E1E70034A505 /* TerminalView.swift in Sources */,
				10636FBA22D4D08C0034A505 /* WelcomeWindowController.swift in Sources */,
				10636F5822CFA2A70034A505 /* AppDelegate.swift in Sources */,
			);
			runOnlyForDeploymentPostprocessing = 0;
		};
/* End PBXSourcesBuildPhase section */

/* Begin PBXVariantGroup section */
		10636F5F22CFA2A80034A505 /* Main.storyboard */ = {
			isa = PBXVariantGroup;
			children = (
				10636F6022CFA2A80034A505 /* Base */,
			);
			name = Main.storyboard;
			sourceTree = "<group>";
		};
/* End PBXVariantGroup section */

/* Begin XCBuildConfiguration section */
		10636F6422CFA2A80034A505 /* Debug */ = {
			isa = XCBuildConfiguration;
			buildSettings = {
				ALWAYS_SEARCH_USER_PATHS = NO;
				CLANG_ANALYZER_NONNULL = YES;
				CLANG_ANALYZER_NUMBER_OBJECT_CONVERSION = YES_AGGRESSIVE;
				CLANG_CXX_LANGUAGE_STANDARD = "gnu++14";
				CLANG_CXX_LIBRARY = "libc++";
				CLANG_ENABLE_MODULES = YES;
				CLANG_ENABLE_OBJC_ARC = YES;
				CLANG_ENABLE_OBJC_WEAK = YES;
				CLANG_WARN_BLOCK_CAPTURE_AUTORELEASING = YES;
				CLANG_WARN_BOOL_CONVERSION = YES;
				CLANG_WARN_COMMA = YES;
				CLANG_WARN_CONSTANT_CONVERSION = YES;
				CLANG_WARN_DEPRECATED_OBJC_IMPLEMENTATIONS = YES;
				CLANG_WARN_DIRECT_OBJC_ISA_USAGE = YES_ERROR;
				CLANG_WARN_DOCUMENTATION_COMMENTS = YES;
				CLANG_WARN_EMPTY_BODY = YES;
				CLANG_WARN_ENUM_CONVERSION = YES;
				CLANG_WARN_INFINITE_RECURSION = YES;
				CLANG_WARN_INT_CONVERSION = YES;
				CLANG_WARN_NON_LITERAL_NULL_CONVERSION = YES;
				CLANG_WARN_OBJC_IMPLICIT_RETAIN_SELF = YES;
				CLANG_WARN_OBJC_LITERAL_CONVERSION = YES;
				CLANG_WARN_OBJC_ROOT_CLASS = YES_ERROR;
				CLANG_WARN_RANGE_LOOP_ANALYSIS = YES;
				CLANG_WARN_STRICT_PROTOTYPES = YES;
				CLANG_WARN_SUSPICIOUS_MOVE = YES;
				CLANG_WARN_UNGUARDED_AVAILABILITY = YES_AGGRESSIVE;
				CLANG_WARN_UNREACHABLE_CODE = YES;
				CLANG_WARN__DUPLICATE_METHOD_MATCH = YES;
				CODE_SIGN_IDENTITY = "-";
				COPY_PHASE_STRIP = NO;
				DEBUG_INFORMATION_FORMAT = dwarf;
				ENABLE_STRICT_OBJC_MSGSEND = YES;
				ENABLE_TESTABILITY = YES;
				GCC_C_LANGUAGE_STANDARD = gnu11;
				GCC_DYNAMIC_NO_PIC = NO;
				GCC_NO_COMMON_BLOCKS = YES;
				GCC_OPTIMIZATION_LEVEL = 0;
				GCC_PREPROCESSOR_DEFINITIONS = (
					"DEBUG=1",
					"$(inherited)",
				);
				GCC_WARN_64_TO_32_BIT_CONVERSION = YES;
				GCC_WARN_ABOUT_RETURN_TYPE = YES_ERROR;
				GCC_WARN_UNDECLARED_SELECTOR = YES;
				GCC_WARN_UNINITIALIZED_AUTOS = YES_AGGRESSIVE;
				GCC_WARN_UNUSED_FUNCTION = YES;
				GCC_WARN_UNUSED_VARIABLE = YES;
				MACOSX_DEPLOYMENT_TARGET = 10.14;
				MTL_ENABLE_DEBUG_INFO = INCLUDE_SOURCE;
				MTL_FAST_MATH = YES;
				ONLY_ACTIVE_ARCH = YES;
				SDKROOT = macosx;
				SWIFT_ACTIVE_COMPILATION_CONDITIONS = DEBUG;
				SWIFT_OPTIMIZATION_LEVEL = "-Onone";
			};
			name = Debug;
		};
		10636F6522CFA2A80034A505 /* Release */ = {
			isa = XCBuildConfiguration;
			buildSettings = {
				ALWAYS_SEARCH_USER_PATHS = NO;
				CLANG_ANALYZER_NONNULL = YES;
				CLANG_ANALYZER_NUMBER_OBJECT_CONVERSION = YES_AGGRESSIVE;
				CLANG_CXX_LANGUAGE_STANDARD = "gnu++14";
				CLANG_CXX_LIBRARY = "libc++";
				CLANG_ENABLE_MODULES = YES;
				CLANG_ENABLE_OBJC_ARC = YES;
				CLANG_ENABLE_OBJC_WEAK = YES;
				CLANG_WARN_BLOCK_CAPTURE_AUTORELEASING = YES;
				CLANG_WARN_BOOL_CONVERSION = YES;
				CLANG_WARN_COMMA = YES;
				CLANG_WARN_CONSTANT_CONVERSION = YES;
				CLANG_WARN_DEPRECATED_OBJC_IMPLEMENTATIONS = YES;
				CLANG_WARN_DIRECT_OBJC_ISA_USAGE = YES_ERROR;
				CLANG_WARN_DOCUMENTATION_COMMENTS = YES;
				CLANG_WARN_EMPTY_BODY = YES;
				CLANG_WARN_ENUM_CONVERSION = YES;
				CLANG_WARN_INFINITE_RECURSION = YES;
				CLANG_WARN_INT_CONVERSION = YES;
				CLANG_WARN_NON_LITERAL_NULL_CONVERSION = YES;
				CLANG_WARN_OBJC_IMPLICIT_RETAIN_SELF = YES;
				CLANG_WARN_OBJC_LITERAL_CONVERSION = YES;
				CLANG_WARN_OBJC_ROOT_CLASS = YES_ERROR;
				CLANG_WARN_RANGE_LOOP_ANALYSIS = YES;
				CLANG_WARN_STRICT_PROTOTYPES = YES;
				CLANG_WARN_SUSPICIOUS_MOVE = YES;
				CLANG_WARN_UNGUARDED_AVAILABILITY = YES_AGGRESSIVE;
				CLANG_WARN_UNREACHABLE_CODE = YES;
				CLANG_WARN__DUPLICATE_METHOD_MATCH = YES;
				CODE_SIGN_IDENTITY = "-";
				COPY_PHASE_STRIP = NO;
				DEBUG_INFORMATION_FORMAT = "dwarf-with-dsym";
				ENABLE_NS_ASSERTIONS = NO;
				ENABLE_STRICT_OBJC_MSGSEND = YES;
				GCC_C_LANGUAGE_STANDARD = gnu11;
				GCC_NO_COMMON_BLOCKS = YES;
				GCC_WARN_64_TO_32_BIT_CONVERSION = YES;
				GCC_WARN_ABOUT_RETURN_TYPE = YES_ERROR;
				GCC_WARN_UNDECLARED_SELECTOR = YES;
				GCC_WARN_UNINITIALIZED_AUTOS = YES_AGGRESSIVE;
				GCC_WARN_UNUSED_FUNCTION = YES;
				GCC_WARN_UNUSED_VARIABLE = YES;
				MACOSX_DEPLOYMENT_TARGET = 10.14;
				MTL_ENABLE_DEBUG_INFO = NO;
				MTL_FAST_MATH = YES;
				SDKROOT = macosx;
				SWIFT_COMPILATION_MODE = wholemodule;
				SWIFT_OPTIMIZATION_LEVEL = "-O";
			};
			name = Release;
		};
		10636F6722CFA2A80034A505 /* Debug */ = {
			isa = XCBuildConfiguration;
			baseConfigurationReference = BDC1F5DFED97A25965BDAE51 /* Pods-Queen.debug.xcconfig */;
			buildSettings = {
				ASSETCATALOG_COMPILER_APPICON_NAME = AppIcon;
				CODE_SIGN_ENTITLEMENTS = Queen/Queen.entitlements;
				CODE_SIGN_STYLE = Automatic;
				COMBINE_HIDPI_IMAGES = YES;
				INFOPLIST_FILE = Queen/Info.plist;
				LD_RUNPATH_SEARCH_PATHS = (
					"$(inherited)",
					"@executable_path/../Frameworks",
				);
				PRODUCT_BUNDLE_IDENTIFIER = com.taokan.Queen;
				PRODUCT_NAME = "$(TARGET_NAME)";
				SWIFT_VERSION = 5.0;
			};
			name = Debug;
		};
		10636F6822CFA2A80034A505 /* Release */ = {
			isa = XCBuildConfiguration;
			baseConfigurationReference = 24978B135F1AB0C8C8FFCB58 /* Pods-Queen.release.xcconfig */;
			buildSettings = {
				ASSETCATALOG_COMPILER_APPICON_NAME = AppIcon;
				CODE_SIGN_ENTITLEMENTS = Queen/Queen.entitlements;
				CODE_SIGN_STYLE = Automatic;
				COMBINE_HIDPI_IMAGES = YES;
				INFOPLIST_FILE = Queen/Info.plist;
				LD_RUNPATH_SEARCH_PATHS = (
					"$(inherited)",
					"@executable_path/../Frameworks",
				);
				PRODUCT_BUNDLE_IDENTIFIER = com.taokan.Queen;
				PRODUCT_NAME = "$(TARGET_NAME)";
				SWIFT_VERSION = 5.0;
			};
			name = Release;
		};
/* End XCBuildConfiguration section */

/* Begin XCConfigurationList section */
		10636F4F22CFA2A70034A505 /* Build configuration list for PBXProject "Queen" */ = {
			isa = XCConfigurationList;
			buildConfigurations = (
				10636F6422CFA2A80034A505 /* Debug */,
				10636F6522CFA2A80034A505 /* Release */,
			);
			defaultConfigurationIsVisible = 0;
			defaultConfigurationName = Release;
		};
		10636F6622CFA2A80034A505 /* Build configuration list for PBXNativeTarget "Queen" */ = {
			isa = XCConfigurationList;
			buildConfigurations = (
				10636F6722CFA2A80034A505 /* Debug */,
				10636F6822CFA2A80034A505 /* Release */,
			);
			defaultConfigurationIsVisible = 0;
			defaultConfigurationName = Release;
		};
/* End XCConfigurationList section */
	};
	rootObject = 10636F4C22CFA2A70034A505 /* Project object */;
}
